
Microsoft Visual Studio Solution File, Format Version 12.00
# Visual Studio 14
VisualStudioVersion = 14.0.25420.1
MinimumVisualStudioVersion = 10.0.40219.1
Project("{FAE04EC0-301F-11D3-BF4B-00C04F79EFBC}") = "MOB.XF.HelloSap.Droid", "MOB.XF.HelloSap\MOB.XF.HelloSap.Droid\MOB.XF.HelloSap.Droid.csproj", "{2E360A78-A0DB-4378-B405-62C966241CB1}"
EndProject
Project("{FAE04EC0-301F-11D3-BF4B-00C04F79EFBC}") = "MOB.XF.HelloSap.iOS", "MOB.XF.HelloSap\MOB.XF.HelloSap.iOS\MOB.XF.HelloSap.iOS.csproj", "{558541EF-5C6A-4DA5-90D0-071FC22A1884}"
EndProject
Project("{FAE04EC0-301F-11D3-BF4B-00C04F79EFBC}") = "MOB.XF.HelloSap.WinPhone", "MOB.XF.HelloSap\MOB.XF.HelloSap.WinPhone\MOB.XF.HelloSap.WinPhone.csproj", "{856F7A83-07B3-4115-939A-3150037B9C5F}"
EndProject
Project("{FAE04EC0-301F-11D3-BF4B-00C04F79EFBC}") = "MOB.XF.HelloSap.UWP", "MOB.XF.HelloSap\MOB.XF.HelloSap.UWP\MOB.XF.HelloSap.UWP.csproj", "{3AD535D2-8513-4A9A-B02E-58278FD079F2}"
EndProject
Project("{FAE04EC0-301F-11D3-BF4B-00C04F79EFBC}") = "MOB.XF.HelloSap.Windows", "MOB.XF.HelloSap\MOB.XF.HelloSap.Windows\MOB.XF.HelloSap.Windows.csproj", "{A91DE081-5962-4DAE-9763-F52EE386C0B9}"
EndProject
Project("{D954291E-2A0B-460D-934E-DC6B0785DB48}") = "MOB.XF.HelloSap", "MOB.XF.HelloSap\MOB.XF.HelloSap\MOB.XF.HelloSap.shproj", "{9A34C557-FEAC-4617-A6DE-786214643FE9}"
EndProject
Global
	GlobalSection(SharedMSBuildProjectFiles) = preSolution
		MOB.XF.HelloSap\MOB.XF.HelloSap\MOB.XF.HelloSap.projitems*{9a34c557-feac-4617-a6de-786214643fe9}*SharedItemsImports = 13
	EndGlobalSection
	GlobalSection(SolutionConfigurationPlatforms) = preSolution
		Ad-Hoc|Any CPU = Ad-Hoc|Any CPU
		Ad-Hoc|ARM = Ad-Hoc|ARM
		Ad-Hoc|iPhone = Ad-Hoc|iPhone
		Ad-Hoc|iPhoneSimulator = Ad-Hoc|iPhoneSimulator
		Ad-Hoc|x64 = Ad-Hoc|x64
		Ad-Hoc|x86 = Ad-Hoc|x86
		AppStore|Any CPU = AppStore|Any CPU
		AppStore|ARM = AppStore|ARM
		AppStore|iPhone = AppStore|iPhone
		AppStore|iPhoneSimulator = AppStore|iPhoneSimulator
		AppStore|x64 = AppStore|x64
		AppStore|x86 = AppStore|x86
		Debug|Any CPU = Debug|Any CPU
		Debug|ARM = Debug|ARM
		Debug|iPhone = Debug|iPhone
		Debug|iPhoneSimulator = Debug|iPhoneSimulator
		Debug|x64 = Debug|x64
		Debug|x86 = Debug|x86
		Release|Any CPU = Release|Any CPU
		Release|ARM = Release|ARM
		Release|iPhone = Release|iPhone
		Release|iPhoneSimulator = Release|iPhoneSimulator
		Release|x64 = Release|x64
		Release|x86 = Release|x86
	EndGlobalSection
	GlobalSection(ProjectConfigurationPlatforms) = postSolution
		{2E360A78-A0DB-4378-B405-62C966241CB1}.Ad-Hoc|Any CPU.ActiveCfg = Release|Any CPU
		{2E360A78-A0DB-4378-B405-62C966241CB1}.Ad-Hoc|Any CPU.Build.0 = Release|Any CPU
		{2E360A78-A0DB-4378-B405-62C966241CB1}.Ad-Hoc|Any CPU.Deploy.0 = Release|Any CPU
		{2E360A78-A0DB-4378-B405-62C966241CB1}.Ad-Hoc|ARM.ActiveCfg = Release|Any CPU
		{2E360A78-A0DB-4378-B405-62C966241CB1}.Ad-Hoc|ARM.Build.0 = Release|Any CPU
		{2E360A78-A0DB-4378-B405-62C966241CB1}.Ad-Hoc|ARM.Deploy.0 = Release|Any CPU
		{2E360A78-A0DB-4378-B405-62C966241CB1}.Ad-Hoc|iPhone.ActiveCfg = Release|Any CPU
		{2E360A78-A0DB-4378-B405-62C966241CB1}.Ad-Hoc|iPhone.Build.0 = Release|Any CPU
		{2E360A78-A0DB-4378-B405-62C966241CB1}.Ad-Hoc|iPhone.Deploy.0 = Release|Any CPU
		{2E360A78-A0DB-4378-B405-62C966241CB1}.Ad-Hoc|iPhoneSimulator.ActiveCfg = Release|Any CPU
		{2E360A78-A0DB-4378-B405-62C966241CB1}.Ad-Hoc|iPhoneSimulator.Build.0 = Release|Any CPU
		{2E360A78-A0DB-4378-B405-62C966241CB1}.Ad-Hoc|iPhoneSimulator.Deploy.0 = Release|Any CPU
		{2E360A78-A0DB-4378-B405-62C966241CB1}.Ad-Hoc|x64.ActiveCfg = Release|Any CPU
		{2E360A78-A0DB-4378-B405-62C966241CB1}.Ad-Hoc|x64.Build.0 = Release|Any CPU
		{2E360A78-A0DB-4378-B405-62C966241CB1}.Ad-Hoc|x64.Deploy.0 = Release|Any CPU
		{2E360A78-A0DB-4378-B405-62C966241CB1}.Ad-Hoc|x86.ActiveCfg = Release|Any CPU
		{2E360A78-A0DB-4378-B405-62C966241CB1}.Ad-Hoc|x86.Build.0 = Release|Any CPU
		{2E360A78-A0DB-4378-B405-62C966241CB1}.Ad-Hoc|x86.Deploy.0 = Release|Any CPU
		{2E360A78-A0DB-4378-B405-62C966241CB1}.AppStore|Any CPU.ActiveCfg = Release|Any CPU
		{2E360A78-A0DB-4378-B405-62C966241CB1}.AppStore|Any CPU.Build.0 = Release|Any CPU
		{2E360A78-A0DB-4378-B405-62C966241CB1}.AppStore|Any CPU.Deploy.0 = Release|Any CPU
		{2E360A78-A0DB-4378-B405-62C966241CB1}.AppStore|ARM.ActiveCfg = Release|Any CPU
		{2E360A78-A0DB-4378-B405-62C966241CB1}.AppStore|ARM.Build.0 = Release|Any CPU
		{2E360A78-A0DB-4378-B405-62C966241CB1}.AppStore|ARM.Deploy.0 = Release|Any CPU
		{2E360A78-A0DB-4378-B405-62C966241CB1}.AppStore|iPhone.ActiveCfg = Release|Any CPU
		{2E360A78-A0DB-4378-B405-62C966241CB1}.AppStore|iPhone.Build.0 = Release|Any CPU
		{2E360A78-A0DB-4378-B405-62C966241CB1}.AppStore|iPhone.Deploy.0 = Release|Any CPU
		{2E360A78-A0DB-4378-B405-62C966241CB1}.AppStore|iPhoneSimulator.ActiveCfg = Release|Any CPU
		{2E360A78-A0DB-4378-B405-62C966241CB1}.AppStore|iPhoneSimulator.Build.0 = Release|Any CPU
		{2E360A78-A0DB-4378-B405-62C966241CB1}.AppStore|iPhoneSimulator.Deploy.0 = Release|Any CPU
		{2E360A78-A0DB-4378-B405-62C966241CB1}.AppStore|x64.ActiveCfg = Release|Any CPU
		{2E360A78-A0DB-4378-B405-62C966241CB1}.AppStore|x64.Build.0 = Release|Any CPU
		{2E360A78-A0DB-4378-B405-62C966241CB1}.AppStore|x64.Deploy.0 = Release|Any CPU
		{2E360A78-A0DB-4378-B405-62C966241CB1}.AppStore|x86.ActiveCfg = Release|Any CPU
		{2E360A78-A0DB-4378-B405-62C966241CB1}.AppStore|x86.Build.0 = Release|Any CPU
		{2E360A78-A0DB-4378-B405-62C966241CB1}.AppStore|x86.Deploy.0 = Release|Any CPU
		{2E360A78-A0DB-4378-B405-62C966241CB1}.Debug|Any CPU.ActiveCfg = Debug|Any CPU
		{2E360A78-A0DB-4378-B405-62C966241CB1}.Debug|Any CPU.Build.0 = Debug|Any CPU
		{2E360A78-A0DB-4378-B405-62C966241CB1}.Debug|Any CPU.Deploy.0 = Debug|Any CPU
		{2E360A78-A0DB-4378-B405-62C966241CB1}.Debug|ARM.ActiveCfg = Debug|Any CPU
		{2E360A78-A0DB-4378-B405-62C966241CB1}.Debug|ARM.Build.0 = Debug|Any CPU
		{2E360A78-A0DB-4378-B405-62C966241CB1}.Debug|ARM.Deploy.0 = Debug|Any CPU
		{2E360A78-A0DB-4378-B405-62C966241CB1}.Debug|iPhone.ActiveCfg = Debug|Any CPU
		{2E360A78-A0DB-4378-B405-62C966241CB1}.Debug|iPhone.Build.0 = Debug|Any CPU
		{2E360A78-A0DB-4378-B405-62C966241CB1}.Debug|iPhone.Deploy.0 = Debug|Any CPU
		{2E360A78-A0DB-4378-B405-62C966241CB1}.Debug|iPhoneSimulator.ActiveCfg = Debug|Any CPU
		{2E360A78-A0DB-4378-B405-62C966241CB1}.Debug|iPhoneSimulator.Build.0 = Debug|Any CPU
		{2E360A78-A0DB-4378-B405-62C966241CB1}.Debug|iPhoneSimulator.Deploy.0 = Debug|Any CPU
		{2E360A78-A0DB-4378-B405-62C966241CB1}.Debug|x64.ActiveCfg = Debug|Any CPU
		{2E360A78-A0DB-4378-B405-62C966241CB1}.Debug|x64.Build.0 = Debug|Any CPU
		{2E360A78-A0DB-4378-B405-62C966241CB1}.Debug|x64.Deploy.0 = Debug|Any CPU
		{2E360A78-A0DB-4378-B405-62C966241CB1}.Debug|x86.ActiveCfg = Debug|Any CPU
		{2E360A78-A0DB-4378-B405-62C966241CB1}.Debug|x86.Build.0 = Debug|Any CPU
		{2E360A78-A0DB-4378-B405-62C966241CB1}.Debug|x86.Deploy.0 = Debug|Any CPU
		{2E360A78-A0DB-4378-B405-62C966241CB1}.Release|Any CPU.ActiveCfg = Release|Any CPU
		{2E360A78-A0DB-4378-B405-62C966241CB1}.Release|Any CPU.Build.0 = Release|Any CPU
		{2E360A78-A0DB-4378-B405-62C966241CB1}.Release|Any CPU.Deploy.0 = Release|Any CPU
		{2E360A78-A0DB-4378-B405-62C966241CB1}.Release|ARM.ActiveCfg = Release|Any CPU
		{2E360A78-A0DB-4378-B405-62C966241CB1}.Release|ARM.Build.0 = Release|Any CPU
		{2E360A78-A0DB-4378-B405-62C966241CB1}.Release|ARM.Deploy.0 = Release|Any CPU
		{2E360A78-A0DB-4378-B405-62C966241CB1}.Release|iPhone.ActiveCfg = Release|Any CPU
		{2E360A78-A0DB-4378-B405-62C966241CB1}.Release|iPhone.Build.0 = Release|Any CPU
		{2E360A78-A0DB-4378-B405-62C966241CB1}.Release|iPhone.Deploy.0 = Release|Any CPU
		{2E360A78-A0DB-4378-B405-62C966241CB1}.Release|iPhoneSimulator.ActiveCfg = Release|Any CPU
		{2E360A78-A0DB-4378-B405-62C966241CB1}.Release|iPhoneSimulator.Build.0 = Release|Any CPU
		{2E360A78-A0DB-4378-B405-62C966241CB1}.Release|iPhoneSimulator.Deploy.0 = Release|Any CPU
		{2E360A78-A0DB-4378-B405-62C966241CB1}.Release|x64.ActiveCfg = Release|Any CPU
		{2E360A78-A0DB-4378-B405-62C966241CB1}.Release|x64.Build.0 = Release|Any CPU
		{2E360A78-A0DB-4378-B405-62C966241CB1}.Release|x64.Deploy.0 = Release|Any CPU
		{2E360A78-A0DB-4378-B405-62C966241CB1}.Release|x86.ActiveCfg = Release|Any CPU
		{2E360A78-A0DB-4378-B405-62C966241CB1}.Release|x86.Build.0 = Release|Any CPU
		{2E360A78-A0DB-4378-B405-62C966241CB1}.Release|x86.Deploy.0 = Release|Any CPU
		{558541EF-5C6A-4DA5-90D0-071FC22A1884}.Ad-Hoc|Any CPU.ActiveCfg = Ad-Hoc|iPhone
		{558541EF-5C6A-4DA5-90D0-071FC22A1884}.Ad-Hoc|ARM.ActiveCfg = Ad-Hoc|iPhone
		{558541EF-5C6A-4DA5-90D0-071FC22A1884}.Ad-Hoc|iPhone.ActiveCfg = Ad-Hoc|iPhone
		{558541EF-5C6A-4DA5-90D0-071FC22A1884}.Ad-Hoc|iPhone.Build.0 = Ad-Hoc|iPhone
		{558541EF-5C6A-4DA5-90D0-071FC22A1884}.Ad-Hoc|iPhoneSimulator.ActiveCfg = Ad-Hoc|iPhoneSimulator
		{558541EF-5C6A-4DA5-90D0-071FC22A1884}.Ad-Hoc|iPhoneSimulator.Build.0 = Ad-Hoc|iPhoneSimulator
		{558541EF-5C6A-4DA5-90D0-071FC22A1884}.Ad-Hoc|x64.ActiveCfg = Ad-Hoc|iPhone
		{558541EF-5C6A-4DA5-90D0-071FC22A1884}.Ad-Hoc|x86.ActiveCfg = Ad-Hoc|iPhone
		{558541EF-5C6A-4DA5-90D0-071FC22A1884}.AppStore|Any CPU.ActiveCfg = AppStore|iPhone
		{558541EF-5C6A-4DA5-90D0-071FC22A1884}.AppStore|ARM.ActiveCfg = AppStore|iPhone
		{558541EF-5C6A-4DA5-90D0-071FC22A1884}.AppStore|iPhone.ActiveCfg = AppStore|iPhone
		{558541EF-5C6A-4DA5-90D0-071FC22A1884}.AppStore|iPhone.Build.0 = AppStore|iPhone
		{558541EF-5C6A-4DA5-90D0-071FC22A1884}.AppStore|iPhoneSimulator.ActiveCfg = AppStore|iPhoneSimulator
		{558541EF-5C6A-4DA5-90D0-071FC22A1884}.AppStore|iPhoneSimulator.Build.0 = AppStore|iPhoneSimulator
		{558541EF-5C6A-4DA5-90D0-071FC22A1884}.AppStore|x64.ActiveCfg = AppStore|iPhone
		{558541EF-5C6A-4DA5-90D0-071FC22A1884}.AppStore|x86.ActiveCfg = AppStore|iPhone
		{558541EF-5C6A-4DA5-90D0-071FC22A1884}.Debug|Any CPU.ActiveCfg = Debug|iPhone
		{558541EF-5C6A-4DA5-90D0-071FC22A1884}.Debug|ARM.ActiveCfg = Debug|iPhone
		{558541EF-5C6A-4DA5-90D0-071FC22A1884}.Debug|iPhone.ActiveCfg = Debug|iPhone
		{558541EF-5C6A-4DA5-90D0-071FC22A1884}.Debug|iPhone.Build.0 = Debug|iPhone
		{558541EF-5C6A-4DA5-90D0-071FC22A1884}.Debug|iPhoneSimulator.ActiveCfg = Debug|iPhoneSimulator
		{558541EF-5C6A-4DA5-90D0-071FC22A1884}.Debug|iPhoneSimulator.Build.0 = Debug|iPhoneSimulator
		{558541EF-5C6A-4DA5-90D0-071FC22A1884}.Debug|x64.ActiveCfg = Debug|iPhone
		{558541EF-5C6A-4DA5-90D0-071FC22A1884}.Debug|x86.ActiveCfg = Debug|iPhone
		{558541EF-5C6A-4DA5-90D0-071FC22A1884}.Release|Any CPU.ActiveCfg = Release|iPhone
		{558541EF-5C6A-4DA5-90D0-071FC22A1884}.Release|ARM.ActiveCfg = Release|iPhone
		{558541EF-5C6A-4DA5-90D0-071FC22A1884}.Release|iPhone.ActiveCfg = Release|iPhone
		{558541EF-5C6A-4DA5-90D0-071FC22A1884}.Release|iPhone.Build.0 = Release|iPhone
		{558541EF-5C6A-4DA5-90D0-071FC22A1884}.Release|iPhoneSimulator.ActiveCfg = Release|iPhoneSimulator
		{558541EF-5C6A-4DA5-90D0-071FC22A1884}.Release|iPhoneSimulator.Build.0 = Release|iPhoneSimulator
		{558541EF-5C6A-4DA5-90D0-071FC22A1884}.Release|x64.ActiveCfg = Release|iPhone
		{558541EF-5C6A-4DA5-90D0-071FC22A1884}.Release|x86.ActiveCfg = Release|iPhone
		{856F7A83-07B3-4115-939A-3150037B9C5F}.Ad-Hoc|Any CPU.ActiveCfg = Release|Any CPU
		{856F7A83-07B3-4115-939A-3150037B9C5F}.Ad-Hoc|Any CPU.Build.0 = Release|Any CPU
		{856F7A83-07B3-4115-939A-3150037B9C5F}.Ad-Hoc|Any CPU.Deploy.0 = Release|Any CPU
		{856F7A83-07B3-4115-939A-3150037B9C5F}.Ad-Hoc|ARM.ActiveCfg = Release|ARM
		{856F7A83-07B3-4115-939A-3150037B9C5F}.Ad-Hoc|ARM.Build.0 = Release|ARM
		{856F7A83-07B3-4115-939A-3150037B9C5F}.Ad-Hoc|ARM.Deploy.0 = Release|ARM
		{856F7A83-07B3-4115-939A-3150037B9C5F}.Ad-Hoc|iPhone.ActiveCfg = Release|Any CPU
		{856F7A83-07B3-4115-939A-3150037B9C5F}.Ad-Hoc|iPhone.Build.0 = Release|Any CPU
		{856F7A83-07B3-4115-939A-3150037B9C5F}.Ad-Hoc|iPhone.Deploy.0 = Release|Any CPU
		{856F7A83-07B3-4115-939A-3150037B9C5F}.Ad-Hoc|iPhoneSimulator.ActiveCfg = Release|Any CPU
		{856F7A83-07B3-4115-939A-3150037B9C5F}.Ad-Hoc|iPhoneSimulator.Build.0 = Release|Any CPU
		{856F7A83-07B3-4115-939A-3150037B9C5F}.Ad-Hoc|iPhoneSimulator.Deploy.0 = Release|Any CPU
		{856F7A83-07B3-4115-939A-3150037B9C5F}.Ad-Hoc|x64.ActiveCfg = Release|Any CPU
		{856F7A83-07B3-4115-939A-3150037B9C5F}.Ad-Hoc|x64.Build.0 = Release|Any CPU
		{856F7A83-07B3-4115-939A-3150037B9C5F}.Ad-Hoc|x64.Deploy.0 = Release|Any CPU
		{856F7A83-07B3-4115-939A-3150037B9C5F}.Ad-Hoc|x86.ActiveCfg = Release|x86
		{856F7A83-07B3-4115-939A-3150037B9C5F}.Ad-Hoc|x86.Build.0 = Release|x86
		{856F7A83-07B3-4115-939A-3150037B9C5F}.Ad-Hoc|x86.Deploy.0 = Release|x86
		{856F7A83-07B3-4115-939A-3150037B9C5F}.AppStore|Any CPU.ActiveCfg = Release|Any CPU
		{856F7A83-07B3-4115-939A-3150037B9C5F}.AppStore|Any CPU.Build.0 = Release|Any CPU
		{856F7A83-07B3-4115-939A-3150037B9C5F}.AppStore|Any CPU.Deploy.0 = Release|Any CPU
		{856F7A83-07B3-4115-939A-3150037B9C5F}.AppStore|ARM.ActiveCfg = Release|ARM
		{856F7A83-07B3-4115-939A-3150037B9C5F}.AppStore|ARM.Build.0 = Release|ARM
		{856F7A83-07B3-4115-939A-3150037B9C5F}.AppStore|ARM.Deploy.0 = Release|ARM
		{856F7A83-07B3-4115-939A-3150037B9C5F}.AppStore|iPhone.ActiveCfg = Release|Any CPU
		{856F7A83-07B3-4115-939A-3150037B9C5F}.AppStore|iPhone.Build.0 = Release|Any CPU
		{856F7A83-07B3-4115-939A-3150037B9C5F}.AppStore|iPhone.Deploy.0 = Release|Any CPU
		{856F7A83-07B3-4115-939A-3150037B9C5F}.AppStore|iPhoneSimulator.ActiveCfg = Release|Any CPU
		{856F7A83-07B3-4115-939A-3150037B9C5F}.AppStore|iPhoneSimulator.Build.0 = Release|Any CPU
		{856F7A83-07B3-4115-939A-3150037B9C5F}.AppStore|iPhoneSimulator.Deploy.0 = Release|Any CPU
		{856F7A83-07B3-4115-939A-3150037B9C5F}.AppStore|x64.ActiveCfg = Release|Any CPU
		{856F7A83-07B3-4115-939A-3150037B9C5F}.AppStore|x64.Build.0 = Release|Any CPU
		{856F7A83-07B3-4115-939A-3150037B9C5F}.AppStore|x64.Deploy.0 = Release|Any CPU
		{856F7A83-07B3-4115-939A-3150037B9C5F}.AppStore|x86.ActiveCfg = Release|x86
		{856F7A83-07B3-4115-939A-3150037B9C5F}.AppStore|x86.Build.0 = Release|x86
		{856F7A83-07B3-4115-939A-3150037B9C5F}.AppStore|x86.Deploy.0 = Release|x86
		{856F7A83-07B3-4115-939A-3150037B9C5F}.Debug|Any CPU.ActiveCfg = Debug|Any CPU
		{856F7A83-07B3-4115-939A-3150037B9C5F}.Debug|Any CPU.Build.0 = Debug|Any CPU
		{856F7A83-07B3-4115-939A-3150037B9C5F}.Debug|Any CPU.Deploy.0 = Debug|Any CPU
		{856F7A83-07B3-4115-939A-3150037B9C5F}.Debug|ARM.ActiveCfg = Debug|ARM
		{856F7A83-07B3-4115-939A-3150037B9C5F}.Debug|ARM.Build.0 = Debug|ARM
		{856F7A83-07B3-4115-939A-3150037B9C5F}.Debug|ARM.Deploy.0 = Debug|ARM
		{856F7A83-07B3-4115-939A-3150037B9C5F}.Debug|iPhone.ActiveCfg = Debug|Any CPU
		{856F7A83-07B3-4115-939A-3150037B9C5F}.Debug|iPhone.Build.0 = Debug|Any CPU
		{856F7A83-07B3-4115-939A-3150037B9C5F}.Debug|iPhone.Deploy.0 = Debug|Any CPU
		{856F7A83-07B3-4115-939A-3150037B9C5F}.Debug|iPhoneSimulator.ActiveCfg = Debug|Any CPU
		{856F7A83-07B3-4115-939A-3150037B9C5F}.Debug|iPhoneSimulator.Build.0 = Debug|Any CPU
		{856F7A83-07B3-4115-939A-3150037B9C5F}.Debug|iPhoneSimulator.Deploy.0 = Debug|Any CPU
		{856F7A83-07B3-4115-939A-3150037B9C5F}.Debug|x64.ActiveCfg = Debug|Any CPU
		{856F7A83-07B3-4115-939A-3150037B9C5F}.Debug|x64.Build.0 = Debug|Any CPU
		{856F7A83-07B3-4115-939A-3150037B9C5F}.Debug|x64.Deploy.0 = Debug|Any CPU
		{856F7A83-07B3-4115-939A-3150037B9C5F}.Debug|x86.ActiveCfg = Debug|x86
		{856F7A83-07B3-4115-939A-3150037B9C5F}.Debug|x86.Build.0 = Debug|x86
		{856F7A83-07B3-4115-939A-3150037B9C5F}.Debug|x86.Deploy.0 = Debug|x86
		{856F7A83-07B3-4115-939A-3150037B9C5F}.Release|Any CPU.ActiveCfg = Release|Any CPU
		{856F7A83-07B3-4115-939A-3150037B9C5F}.Release|Any CPU.Build.0 = Release|Any CPU
		{856F7A83-07B3-4115-939A-3150037B9C5F}.Release|Any CPU.Deploy.0 = Release|Any CPU
		{856F7A83-07B3-4115-939A-3150037B9C5F}.Release|ARM.ActiveCfg = Release|ARM
		{856F7A83-07B3-4115-939A-3150037B9C5F}.Release|ARM.Build.0 = Release|ARM
		{856F7A83-07B3-4115-939A-3150037B9C5F}.Release|ARM.Deploy.0 = Release|ARM
		{856F7A83-07B3-4115-939A-3150037B9C5F}.Release|iPhone.ActiveCfg = Release|Any CPU
		{856F7A83-07B3-4115-939A-3150037B9C5F}.Release|iPhone.Build.0 = Release|Any CPU
		{856F7A83-07B3-4115-939A-3150037B9C5F}.Release|iPhone.Deploy.0 = Release|Any CPU
		{856F7A83-07B3-4115-939A-3150037B9C5F}.Release|iPhoneSimulator.ActiveCfg = Release|Any CPU
		{856F7A83-07B3-4115-939A-3150037B9C5F}.Release|iPhoneSimulator.Build.0 = Release|Any CPU
		{856F7A83-07B3-4115-939A-3150037B9C5F}.Release|iPhoneSimulator.Deploy.0 = Release|Any CPU
		{856F7A83-07B3-4115-939A-3150037B9C5F}.Release|x64.ActiveCfg = Release|Any CPU
		{856F7A83-07B3-4115-939A-3150037B9C5F}.Release|x64.Build.0 = Release|Any CPU
		{856F7A83-07B3-4115-939A-3150037B9C5F}.Release|x64.Deploy.0 = Release|Any CPU
		{856F7A83-07B3-4115-939A-3150037B9C5F}.Release|x86.ActiveCfg = Release|x86
		{856F7A83-07B3-4115-939A-3150037B9C5F}.Release|x86.Build.0 = Release|x86
		{856F7A83-07B3-4115-939A-3150037B9C5F}.Release|x86.Deploy.0 = Release|x86
		{3AD535D2-8513-4A9A-B02E-58278FD079F2}.Ad-Hoc|Any CPU.ActiveCfg = Release|x86
		{3AD535D2-8513-4A9A-B02E-58278FD079F2}.Ad-Hoc|Any CPU.Build.0 = Release|x86
		{3AD535D2-8513-4A9A-B02E-58278FD079F2}.Ad-Hoc|Any CPU.Deploy.0 = Release|x86
		{3AD535D2-8513-4A9A-B02E-58278FD079F2}.Ad-Hoc|ARM.ActiveCfg = Release|ARM
		{3AD535D2-8513-4A9A-B02E-58278FD079F2}.Ad-Hoc|ARM.Build.0 = Release|ARM
		{3AD535D2-8513-4A9A-B02E-58278FD079F2}.Ad-Hoc|ARM.Deploy.0 = Release|ARM
		{3AD535D2-8513-4A9A-B02E-58278FD079F2}.Ad-Hoc|iPhone.ActiveCfg = Release|x86
		{3AD535D2-8513-4A9A-B02E-58278FD079F2}.Ad-Hoc|iPhone.Build.0 = Release|x86
		{3AD535D2-8513-4A9A-B02E-58278FD079F2}.Ad-Hoc|iPhone.Deploy.0 = Release|x86
		{3AD535D2-8513-4A9A-B02E-58278FD079F2}.Ad-Hoc|iPhoneSimulator.ActiveCfg = Release|x86
		{3AD535D2-8513-4A9A-B02E-58278FD079F2}.Ad-Hoc|iPhoneSimulator.Build.0 = Release|x86
		{3AD535D2-8513-4A9A-B02E-58278FD079F2}.Ad-Hoc|iPhoneSimulator.Deploy.0 = Release|x86
		{3AD535D2-8513-4A9A-B02E-58278FD079F2}.Ad-Hoc|x64.ActiveCfg = Release|x64
		{3AD535D2-8513-4A9A-B02E-58278FD079F2}.Ad-Hoc|x64.Build.0 = Release|x64
		{3AD535D2-8513-4A9A-B02E-58278FD079F2}.Ad-Hoc|x64.Deploy.0 = Release|x64
		{3AD535D2-8513-4A9A-B02E-58278FD079F2}.Ad-Hoc|x86.ActiveCfg = Release|x86
		{3AD535D2-8513-4A9A-B02E-58278FD079F2}.Ad-Hoc|x86.Build.0 = Release|x86
		{3AD535D2-8513-4A9A-B02E-58278FD079F2}.Ad-Hoc|x86.Deploy.0 = Release|x86
		{3AD535D2-8513-4A9A-B02E-58278FD079F2}.AppStore|Any CPU.ActiveCfg = Release|x86
		{3AD535D2-8513-4A9A-B02E-58278FD079F2}.AppStore|Any CPU.Build.0 = Release|x86
		{3AD535D2-8513-4A9A-B02E-58278FD079F2}.AppStore|Any CPU.Deploy.0 = Release|x86
		{3AD535D2-8513-4A9A-B02E-58278FD079F2}.AppStore|ARM.ActiveCfg = Release|ARM
		{3AD535D2-8513-4A9A-B02E-58278FD079F2}.AppStore|ARM.Build.0 = Release|ARM
		{3AD535D2-8513-4A9A-B02E-58278FD079F2}.AppStore|ARM.Deploy.0 = Release|ARM
		{3AD535D2-8513-4A9A-B02E-58278FD079F2}.AppStore|iPhone.ActiveCfg = Release|x86
		{3AD535D2-8513-4A9A-B02E-58278FD079F2}.AppStore|iPhone.Build.0 = Release|x86
		{3AD535D2-8513-4A9A-B02E-58278FD079F2}.AppStore|iPhone.Deploy.0 = Release|x86
		{3AD535D2-8513-4A9A-B02E-58278FD079F2}.AppStore|iPhoneSimulator.ActiveCfg = Release|x86
		{3AD535D2-8513-4A9A-B02E-58278FD079F2}.AppStore|iPhoneSimulator.Build.0 = Release|x86
		{3AD535D2-8513-4A9A-B02E-58278FD079F2}.AppStore|iPhoneSimulator.Deploy.0 = Release|x86
		{3AD535D2-8513-4A9A-B02E-58278FD079F2}.AppStore|x64.ActiveCfg = Release|x64
		{3AD535D2-8513-4A9A-B02E-58278FD079F2}.AppStore|x64.Build.0 = Release|x64
		{3AD535D2-8513-4A9A-B02E-58278FD079F2}.AppStore|x64.Deploy.0 = Release|x64
		{3AD535D2-8513-4A9A-B02E-58278FD079F2}.AppStore|x86.ActiveCfg = Release|x86
		{3AD535D2-8513-4A9A-B02E-58278FD079F2}.AppStore|x86.Build.0 = Release|x86
		{3AD535D2-8513-4A9A-B02E-58278FD079F2}.AppStore|x86.Deploy.0 = Release|x86
		{3AD535D2-8513-4A9A-B02E-58278FD079F2}.Debug|Any CPU.ActiveCfg = Debug|x86
		{3AD535D2-8513-4A9A-B02E-58278FD079F2}.Debug|ARM.ActiveCfg = Debug|ARM
		{3AD535D2-8513-4A9A-B02E-58278FD079F2}.Debug|ARM.Build.0 = Debug|ARM
		{3AD535D2-8513-4A9A-B02E-58278FD079F2}.Debug|ARM.Deploy.0 = Debug|ARM
		{3AD535D2-8513-4A9A-B02E-58278FD079F2}.Debug|iPhone.ActiveCfg = Debug|x86
		{3AD535D2-8513-4A9A-B02E-58278FD079F2}.Debug|iPhoneSimulator.ActiveCfg = Debug|x86
		{3AD535D2-8513-4A9A-B02E-58278FD079F2}.Debug|x64.ActiveCfg = Debug|x64
		{3AD535D2-8513-4A9A-B02E-58278FD079F2}.Debug|x64.Build.0 = Debug|x64
		{3AD535D2-8513-4A9A-B02E-58278FD079F2}.Debug|x64.Deploy.0 = Debug|x64
		{3AD535D2-8513-4A9A-B02E-58278FD079F2}.Debug|x86.ActiveCfg = Debug|x86
		{3AD535D2-8513-4A9A-B02E-58278FD079F2}.Debug|x86.Build.0 = Debug|x86
		{3AD535D2-8513-4A9A-B02E-58278FD079F2}.Debug|x86.Deploy.0 = Debug|x86
		{3AD535D2-8513-4A9A-B02E-58278FD079F2}.Release|Any CPU.ActiveCfg = Release|x86
		{3AD535D2-8513-4A9A-B02E-58278FD079F2}.Release|ARM.ActiveCfg = Release|ARM
		{3AD535D2-8513-4A9A-B02E-58278FD079F2}.Release|ARM.Build.0 = Release|ARM
		{3AD535D2-8513-4A9A-B02E-58278FD079F2}.Release|ARM.Deploy.0 = Release|ARM
		{3AD535D2-8513-4A9A-B02E-58278FD079F2}.Release|iPhone.ActiveCfg = Release|x86
		{3AD535D2-8513-4A9A-B02E-58278FD079F2}.Release|iPhoneSimulator.ActiveCfg = Release|x86
		{3AD535D2-8513-4A9A-B02E-58278FD079F2}.Release|x64.ActiveCfg = Release|x64
		{3AD535D2-8513-4A9A-B02E-58278FD079F2}.Release|x64.Build.0 = Release|x64
		{3AD535D2-8513-4A9A-B02E-58278FD079F2}.Release|x64.Deploy.0 = Release|x64
		{3AD535D2-8513-4A9A-B02E-58278FD079F2}.Release|x86.ActiveCfg = Release|x86
		{3AD535D2-8513-4A9A-B02E-58278FD079F2}.Release|x86.Build.0 = Release|x86
		{3AD535D2-8513-4A9A-B02E-58278FD079F2}.Release|x86.Deploy.0 = Release|x86
		{A91DE081-5962-4DAE-9763-F52EE386C0B9}.Ad-Hoc|Any CPU.ActiveCfg = Release|Any CPU
		{A91DE081-5962-4DAE-9763-F52EE386C0B9}.Ad-Hoc|Any CPU.Build.0 = Release|Any CPU
		{A91DE081-5962-4DAE-9763-F52EE386C0B9}.Ad-Hoc|Any CPU.Deploy.0 = Release|Any CPU
		{A91DE081-5962-4DAE-9763-F52EE386C0B9}.Ad-Hoc|ARM.ActiveCfg = Release|ARM
		{A91DE081-5962-4DAE-9763-F52EE386C0B9}.Ad-Hoc|ARM.Build.0 = Release|ARM
		{A91DE081-5962-4DAE-9763-F52EE386C0B9}.Ad-Hoc|ARM.Deploy.0 = Release|ARM
		{A91DE081-5962-4DAE-9763-F52EE386C0B9}.Ad-Hoc|iPhone.ActiveCfg = Release|Any CPU
		{A91DE081-5962-4DAE-9763-F52EE386C0B9}.Ad-Hoc|iPhone.Build.0 = Release|Any CPU
		{A91DE081-5962-4DAE-9763-F52EE386C0B9}.Ad-Hoc|iPhone.Deploy.0 = Release|Any CPU
		{A91DE081-5962-4DAE-9763-F52EE386C0B9}.Ad-Hoc|iPhoneSimulator.ActiveCfg = Release|Any CPU
		{A91DE081-5962-4DAE-9763-F52EE386C0B9}.Ad-Hoc|iPhoneSimulator.Build.0 = Release|Any CPU
		{A91DE081-5962-4DAE-9763-F52EE386C0B9}.Ad-Hoc|iPhoneSimulator.Deploy.0 = Release|Any CPU
		{A91DE081-5962-4DAE-9763-F52EE386C0B9}.Ad-Hoc|x64.ActiveCfg = Release|x64
		{A91DE081-5962-4DAE-9763-F52EE386C0B9}.Ad-Hoc|x64.Build.0 = Release|x64
		{A91DE081-5962-4DAE-9763-F52EE386C0B9}.Ad-Hoc|x64.Deploy.0 = Release|x64
		{A91DE081-5962-4DAE-9763-F52EE386C0B9}.Ad-Hoc|x86.ActiveCfg = Release|x86
		{A91DE081-5962-4DAE-9763-F52EE386C0B9}.Ad-Hoc|x86.Build.0 = Release|x86
		{A91DE081-5962-4DAE-9763-F52EE386C0B9}.Ad-Hoc|x86.Deploy.0 = Release|x86
		{A91DE081-5962-4DAE-9763-F52EE386C0B9}.AppStore|Any CPU.ActiveCfg = Release|Any CPU
		{A91DE081-5962-4DAE-9763-F52EE386C0B9}.AppStore|Any CPU.Build.0 = Release|Any CPU
		{A91DE081-5962-4DAE-9763-F52EE386C0B9}.AppStore|Any CPU.Deploy.0 = Release|Any CPU
		{A91DE081-5962-4DAE-9763-F52EE386C0B9}.AppStore|ARM.ActiveCfg = Release|ARM
		{A91DE081-5962-4DAE-9763-F52EE386C0B9}.AppStore|ARM.Build.0 = Release|ARM
		{A91DE081-5962-4DAE-9763-F52EE386C0B9}.AppStore|ARM.Deploy.0 = Release|ARM
		{A91DE081-5962-4DAE-9763-F52EE386C0B9}.AppStore|iPhone.ActiveCfg = Release|Any CPU
		{A91DE081-5962-4DAE-9763-F52EE386C0B9}.AppStore|iPhone.Build.0 = Release|Any CPU
		{A91DE081-5962-4DAE-9763-F52EE386C0B9}.AppStore|iPhone.Deploy.0 = Release|Any CPU
		{A91DE081-5962-4DAE-9763-F52EE386C0B9}.AppStore|iPhoneSimulator.ActiveCfg = Release|Any CPU
		{A91DE081-5962-4DAE-9763-F52EE386C0B9}.AppStore|iPhoneSimulator.Build.0 = Release|Any CPU
		{A91DE081-5962-4DAE-9763-F52EE386C0B9}.AppStore|iPhoneSimulator.Deploy.0 = Release|Any CPU
		{A91DE081-5962-4DAE-9763-F52EE386C0B9}.AppStore|x64.ActiveCfg = Release|x64
		{A91DE081-5962-4DAE-9763-F52EE386C0B9}.AppStore|x64.Build.0 = Release|x64
		{A91DE081-5962-4DAE-9763-F52EE386C0B9}.AppStore|x64.Deploy.0 = Release|x64
		{A91DE081-5962-4DAE-9763-F52EE386C0B9}.AppStore|x86.ActiveCfg = Release|x86
		{A91DE081-5962-4DAE-9763-F52EE386C0B9}.AppStore|x86.Build.0 = Release|x86
		{A91DE081-5962-4DAE-9763-F52EE386C0B9}.AppStore|x86.Deploy.0 = Release|x86
		{A91DE081-5962-4DAE-9763-F52EE386C0B9}.Debug|Any CPU.ActiveCfg = Debug|Any CPU
		{A91DE081-5962-4DAE-9763-F52EE386C0B9}.Debug|Any CPU.Build.0 = Debug|Any CPU
		{A91DE081-5962-4DAE-9763-F52EE386C0B9}.Debug|Any CPU.Deploy.0 = Debug|Any CPU
		{A91DE081-5962-4DAE-9763-F52EE386C0B9}.Debug|ARM.ActiveCfg = Debug|ARM
		{A91DE081-5962-4DAE-9763-F52EE386C0B9}.Debug|ARM.Build.0 = Debug|ARM
		{A91DE081-5962-4DAE-9763-F52EE386C0B9}.Debug|ARM.Deploy.0 = Debug|ARM
		{A91DE081-5962-4DAE-9763-F52EE386C0B9}.Debug|iPhone.ActiveCfg = Debug|Any CPU
		{A91DE081-5962-4DAE-9763-F52EE386C0B9}.Debug|iPhone.Build.0 = Debug|Any CPU
		{A91DE081-5962-4DAE-9763-F52EE386C0B9}.Debug|iPhone.Deploy.0 = Debug|Any CPU
		{A91DE081-5962-4DAE-9763-F52EE386C0B9}.Debug|iPhoneSimulator.ActiveCfg = Debug|Any CPU
		{A91DE081-5962-4DAE-9763-F52EE386C0B9}.Debug|iPhoneSimulator.Build.0 = Debug|Any CPU
		{A91DE081-5962-4DAE-9763-F52EE386C0B9}.Debug|iPhoneSimulator.Deploy.0 = Debug|Any CPU
		{A91DE081-5962-4DAE-9763-F52EE386C0B9}.Debug|x64.ActiveCfg = Debug|x64
		{A91DE081-5962-4DAE-9763-F52EE386C0B9}.Debug|x64.Build.0 = Debug|x64
		{A91DE081-5962-4DAE-9763-F52EE386C0B9}.Debug|x64.Deploy.0 = Debug|x64
		{A91DE081-5962-4DAE-9763-F52EE386C0B9}.Debug|x86.ActiveCfg = Debug|x86
		{A91DE081-5962-4DAE-9763-F52EE386C0B9}.Debug|x86.Build.0 = Debug|x86
		{A91DE081-5962-4DAE-9763-F52EE386C0B9}.Debug|x86.Deploy.0 = Debug|x86
		{A91DE081-5962-4DAE-9763-F52EE386C0B9}.Release|Any CPU.ActiveCfg = Release|Any CPU
		{A91DE081-5962-4DAE-9763-F52EE386C0B9}.Release|Any CPU.Build.0 = Release|Any CPU
		{A91DE081-5962-4DAE-9763-F52EE386C0B9}.Release|Any CPU.Deploy.0 = Release|Any CPU
		{A91DE081-5962-4DAE-9763-F52EE386C0B9}.Release|ARM.ActiveCfg = Release|ARM
		{A91DE081-5962-4DAE-9763-F52EE386C0B9}.Release|ARM.Build.0 = Release|ARM
		{A91DE081-5962-4DAE-9763-F52EE386C0B9}.Release|ARM.Deploy.0 = Release|ARM
		{A91DE081-5962-4DAE-9763-F52EE386C0B9}.Release|iPhone.ActiveCfg = Release|Any CPU
		{A91DE081-5962-4DAE-9763-F52EE386C0B9}.Release|iPhone.Build.0 = Release|Any CPU
		{A91DE081-5962-4DAE-9763-F52EE386C0B9}.Release|iPhone.Deploy.0 = Release|Any CPU
		{A91DE081-5962-4DAE-9763-F52EE386C0B9}.Release|iPhoneSimulator.ActiveCfg = Release|Any CPU
		{A91DE081-5962-4DAE-9763-F52EE386C0B9}.Release|iPhoneSimulator.Build.0 = Release|Any CPU
		{A91DE081-5962-4DAE-9763-F52EE386C0B9}.Release|iPhoneSimulator.Deploy.0 = Release|Any CPU
		{A91DE081-5962-4DAE-9763-F52EE386C0B9}.Release|x64.ActiveCfg = Release|x64
		{A91DE081-5962-4DAE-9763-F52EE386C0B9}.Release|x64.Build.0 = Release|x64
		{A91DE081-5962-4DAE-9763-F52EE386C0B9}.Release|x64.Deploy.0 = Release|x64
		{A91DE081-5962-4DAE-9763-F52EE386C0B9}.Release|x86.ActiveCfg = Release|x86
		{A91DE081-5962-4DAE-9763-F52EE386C0B9}.Release|x86.Build.0 = Release|x86
		{A91DE081-5962-4DAE-9763-F52EE386C0B9}.Release|x86.Deploy.0 = Release|x86
	EndGlobalSection
	GlobalSection(SolutionProperties) = preSolution
		HideSolutionNode = FALSE
	EndGlobalSection
EndGlobal
