
Microsoft Visual Studio Solution File, Format Version 12.00
# Visual Studio 14
VisualStudioVersion = 14.0.25420.1
MinimumVisualStudioVersion = 10.0.40219.1
Project("{FAE04EC0-301F-11D3-BF4B-00C04F79EFBC}") = "MOB.XF.Hello.Droid", "MOB.XF.Hello\MOB.XF.Hello.Droid\MOB.XF.Hello.Droid.csproj", "{8082FD94-D2EA-428B-9AC4-06540C9916E0}"
EndProject
Project("{FAE04EC0-301F-11D3-BF4B-00C04F79EFBC}") = "MOB.XF.Hello.iOS", "MOB.XF.Hello\MOB.XF.Hello.iOS\MOB.XF.Hello.iOS.csproj", "{9EB384BD-973D-4073-9531-BF7B3D96471C}"
EndProject
Project("{FAE04EC0-301F-11D3-BF4B-00C04F79EFBC}") = "MOB.XF.Hello.WinPhone", "MOB.XF.Hello\MOB.XF.Hello.WinPhone\MOB.XF.Hello.WinPhone.csproj", "{B1E1722D-E50A-4A7F-9581-6E5B3C2AE635}"
EndProject
Project("{FAE04EC0-301F-11D3-BF4B-00C04F79EFBC}") = "MOB.XF.Hello.UWP", "MOB.XF.Hello\MOB.XF.Hello.UWP\MOB.XF.Hello.UWP.csproj", "{EE7CB27C-D9F4-46FC-B05F-30A6ADF0F674}"
EndProject
Project("{FAE04EC0-301F-11D3-BF4B-00C04F79EFBC}") = "MOB.XF.Hello.Windows", "MOB.XF.Hello\MOB.XF.Hello.Windows\MOB.XF.Hello.Windows.csproj", "{07EB465D-C650-4E15-B362-E1DD5C3F4EDC}"
EndProject
Project("{FAE04EC0-301F-11D3-BF4B-00C04F79EFBC}") = "MOB.XF.Hello", "MOB.XF.Hello\MOB.XF.Hello\MOB.XF.Hello.csproj", "{F043451D-F5B1-4FB2-B0A5-755CB125421F}"
EndProject
Global
	GlobalSection(SolutionConfigurationPlatforms) = preSolution
		Ad-Hoc|Any CPU = Ad-Hoc|Any CPU
		Ad-Hoc|ARM = Ad-Hoc|ARM
		Ad-Hoc|iPhone = Ad-Hoc|iPhone
		Ad-Hoc|iPhoneSimulator = Ad-Hoc|iPhoneSimulator
		Ad-Hoc|x64 = Ad-Hoc|x64
		Ad-Hoc|x86 = Ad-Hoc|x86
		AppStore|Any CPU = AppStore|Any CPU
		AppStore|ARM = AppStore|ARM
		AppStore|iPhone = AppStore|iPhone
		AppStore|iPhoneSimulator = AppStore|iPhoneSimulator
		AppStore|x64 = AppStore|x64
		AppStore|x86 = AppStore|x86
		Debug|Any CPU = Debug|Any CPU
		Debug|ARM = Debug|ARM
		Debug|iPhone = Debug|iPhone
		Debug|iPhoneSimulator = Debug|iPhoneSimulator
		Debug|x64 = Debug|x64
		Debug|x86 = Debug|x86
		Release|Any CPU = Release|Any CPU
		Release|ARM = Release|ARM
		Release|iPhone = Release|iPhone
		Release|iPhoneSimulator = Release|iPhoneSimulator
		Release|x64 = Release|x64
		Release|x86 = Release|x86
	EndGlobalSection
	GlobalSection(ProjectConfigurationPlatforms) = postSolution
		{8082FD94-D2EA-428B-9AC4-06540C9916E0}.Ad-Hoc|Any CPU.ActiveCfg = Release|Any CPU
		{8082FD94-D2EA-428B-9AC4-06540C9916E0}.Ad-Hoc|Any CPU.Build.0 = Release|Any CPU
		{8082FD94-D2EA-428B-9AC4-06540C9916E0}.Ad-Hoc|Any CPU.Deploy.0 = Release|Any CPU
		{8082FD94-D2EA-428B-9AC4-06540C9916E0}.Ad-Hoc|ARM.ActiveCfg = Release|Any CPU
		{8082FD94-D2EA-428B-9AC4-06540C9916E0}.Ad-Hoc|ARM.Build.0 = Release|Any CPU
		{8082FD94-D2EA-428B-9AC4-06540C9916E0}.Ad-Hoc|ARM.Deploy.0 = Release|Any CPU
		{8082FD94-D2EA-428B-9AC4-06540C9916E0}.Ad-Hoc|iPhone.ActiveCfg = Release|Any CPU
		{8082FD94-D2EA-428B-9AC4-06540C9916E0}.Ad-Hoc|iPhone.Build.0 = Release|Any CPU
		{8082FD94-D2EA-428B-9AC4-06540C9916E0}.Ad-Hoc|iPhone.Deploy.0 = Release|Any CPU
		{8082FD94-D2EA-428B-9AC4-06540C9916E0}.Ad-Hoc|iPhoneSimulator.ActiveCfg = Release|Any CPU
		{8082FD94-D2EA-428B-9AC4-06540C9916E0}.Ad-Hoc|iPhoneSimulator.Build.0 = Release|Any CPU
		{8082FD94-D2EA-428B-9AC4-06540C9916E0}.Ad-Hoc|iPhoneSimulator.Deploy.0 = Release|Any CPU
		{8082FD94-D2EA-428B-9AC4-06540C9916E0}.Ad-Hoc|x64.ActiveCfg = Release|Any CPU
		{8082FD94-D2EA-428B-9AC4-06540C9916E0}.Ad-Hoc|x64.Build.0 = Release|Any CPU
		{8082FD94-D2EA-428B-9AC4-06540C9916E0}.Ad-Hoc|x64.Deploy.0 = Release|Any CPU
		{8082FD94-D2EA-428B-9AC4-06540C9916E0}.Ad-Hoc|x86.ActiveCfg = Release|Any CPU
		{8082FD94-D2EA-428B-9AC4-06540C9916E0}.Ad-Hoc|x86.Build.0 = Release|Any CPU
		{8082FD94-D2EA-428B-9AC4-06540C9916E0}.Ad-Hoc|x86.Deploy.0 = Release|Any CPU
		{8082FD94-D2EA-428B-9AC4-06540C9916E0}.AppStore|Any CPU.ActiveCfg = Release|Any CPU
		{8082FD94-D2EA-428B-9AC4-06540C9916E0}.AppStore|Any CPU.Build.0 = Release|Any CPU
		{8082FD94-D2EA-428B-9AC4-06540C9916E0}.AppStore|Any CPU.Deploy.0 = Release|Any CPU
		{8082FD94-D2EA-428B-9AC4-06540C9916E0}.AppStore|ARM.ActiveCfg = Release|Any CPU
		{8082FD94-D2EA-428B-9AC4-06540C9916E0}.AppStore|ARM.Build.0 = Release|Any CPU
		{8082FD94-D2EA-428B-9AC4-06540C9916E0}.AppStore|ARM.Deploy.0 = Release|Any CPU
		{8082FD94-D2EA-428B-9AC4-06540C9916E0}.AppStore|iPhone.ActiveCfg = Release|Any CPU
		{8082FD94-D2EA-428B-9AC4-06540C9916E0}.AppStore|iPhone.Build.0 = Release|Any CPU
		{8082FD94-D2EA-428B-9AC4-06540C9916E0}.AppStore|iPhone.Deploy.0 = Release|Any CPU
		{8082FD94-D2EA-428B-9AC4-06540C9916E0}.AppStore|iPhoneSimulator.ActiveCfg = Release|Any CPU
		{8082FD94-D2EA-428B-9AC4-06540C9916E0}.AppStore|iPhoneSimulator.Build.0 = Release|Any CPU
		{8082FD94-D2EA-428B-9AC4-06540C9916E0}.AppStore|iPhoneSimulator.Deploy.0 = Release|Any CPU
		{8082FD94-D2EA-428B-9AC4-06540C9916E0}.AppStore|x64.ActiveCfg = Release|Any CPU
		{8082FD94-D2EA-428B-9AC4-06540C9916E0}.AppStore|x64.Build.0 = Release|Any CPU
		{8082FD94-D2EA-428B-9AC4-06540C9916E0}.AppStore|x64.Deploy.0 = Release|Any CPU
		{8082FD94-D2EA-428B-9AC4-06540C9916E0}.AppStore|x86.ActiveCfg = Release|Any CPU
		{8082FD94-D2EA-428B-9AC4-06540C9916E0}.AppStore|x86.Build.0 = Release|Any CPU
		{8082FD94-D2EA-428B-9AC4-06540C9916E0}.AppStore|x86.Deploy.0 = Release|Any CPU
		{8082FD94-D2EA-428B-9AC4-06540C9916E0}.Debug|Any CPU.ActiveCfg = Debug|Any CPU
		{8082FD94-D2EA-428B-9AC4-06540C9916E0}.Debug|Any CPU.Build.0 = Debug|Any CPU
		{8082FD94-D2EA-428B-9AC4-06540C9916E0}.Debug|Any CPU.Deploy.0 = Debug|Any CPU
		{8082FD94-D2EA-428B-9AC4-06540C9916E0}.Debug|ARM.ActiveCfg = Debug|Any CPU
		{8082FD94-D2EA-428B-9AC4-06540C9916E0}.Debug|ARM.Build.0 = Debug|Any CPU
		{8082FD94-D2EA-428B-9AC4-06540C9916E0}.Debug|ARM.Deploy.0 = Debug|Any CPU
		{8082FD94-D2EA-428B-9AC4-06540C9916E0}.Debug|iPhone.ActiveCfg = Debug|Any CPU
		{8082FD94-D2EA-428B-9AC4-06540C9916E0}.Debug|iPhone.Build.0 = Debug|Any CPU
		{8082FD94-D2EA-428B-9AC4-06540C9916E0}.Debug|iPhone.Deploy.0 = Debug|Any CPU
		{8082FD94-D2EA-428B-9AC4-06540C9916E0}.Debug|iPhoneSimulator.ActiveCfg = Debug|Any CPU
		{8082FD94-D2EA-428B-9AC4-06540C9916E0}.Debug|iPhoneSimulator.Build.0 = Debug|Any CPU
		{8082FD94-D2EA-428B-9AC4-06540C9916E0}.Debug|iPhoneSimulator.Deploy.0 = Debug|Any CPU
		{8082FD94-D2EA-428B-9AC4-06540C9916E0}.Debug|x64.ActiveCfg = Debug|Any CPU
		{8082FD94-D2EA-428B-9AC4-06540C9916E0}.Debug|x64.Build.0 = Debug|Any CPU
		{8082FD94-D2EA-428B-9AC4-06540C9916E0}.Debug|x64.Deploy.0 = Debug|Any CPU
		{8082FD94-D2EA-428B-9AC4-06540C9916E0}.Debug|x86.ActiveCfg = Debug|Any CPU
		{8082FD94-D2EA-428B-9AC4-06540C9916E0}.Debug|x86.Build.0 = Debug|Any CPU
		{8082FD94-D2EA-428B-9AC4-06540C9916E0}.Debug|x86.Deploy.0 = Debug|Any CPU
		{8082FD94-D2EA-428B-9AC4-06540C9916E0}.Release|Any CPU.ActiveCfg = Release|Any CPU
		{8082FD94-D2EA-428B-9AC4-06540C9916E0}.Release|Any CPU.Build.0 = Release|Any CPU
		{8082FD94-D2EA-428B-9AC4-06540C9916E0}.Release|Any CPU.Deploy.0 = Release|Any CPU
		{8082FD94-D2EA-428B-9AC4-06540C9916E0}.Release|ARM.ActiveCfg = Release|Any CPU
		{8082FD94-D2EA-428B-9AC4-06540C9916E0}.Release|ARM.Build.0 = Release|Any CPU
		{8082FD94-D2EA-428B-9AC4-06540C9916E0}.Release|ARM.Deploy.0 = Release|Any CPU
		{8082FD94-D2EA-428B-9AC4-06540C9916E0}.Release|iPhone.ActiveCfg = Release|Any CPU
		{8082FD94-D2EA-428B-9AC4-06540C9916E0}.Release|iPhone.Build.0 = Release|Any CPU
		{8082FD94-D2EA-428B-9AC4-06540C9916E0}.Release|iPhone.Deploy.0 = Release|Any CPU
		{8082FD94-D2EA-428B-9AC4-06540C9916E0}.Release|iPhoneSimulator.ActiveCfg = Release|Any CPU
		{8082FD94-D2EA-428B-9AC4-06540C9916E0}.Release|iPhoneSimulator.Build.0 = Release|Any CPU
		{8082FD94-D2EA-428B-9AC4-06540C9916E0}.Release|iPhoneSimulator.Deploy.0 = Release|Any CPU
		{8082FD94-D2EA-428B-9AC4-06540C9916E0}.Release|x64.ActiveCfg = Release|Any CPU
		{8082FD94-D2EA-428B-9AC4-06540C9916E0}.Release|x64.Build.0 = Release|Any CPU
		{8082FD94-D2EA-428B-9AC4-06540C9916E0}.Release|x64.Deploy.0 = Release|Any CPU
		{8082FD94-D2EA-428B-9AC4-06540C9916E0}.Release|x86.ActiveCfg = Release|Any CPU
		{8082FD94-D2EA-428B-9AC4-06540C9916E0}.Release|x86.Build.0 = Release|Any CPU
		{8082FD94-D2EA-428B-9AC4-06540C9916E0}.Release|x86.Deploy.0 = Release|Any CPU
		{9EB384BD-973D-4073-9531-BF7B3D96471C}.Ad-Hoc|Any CPU.ActiveCfg = Ad-Hoc|iPhone
		{9EB384BD-973D-4073-9531-BF7B3D96471C}.Ad-Hoc|ARM.ActiveCfg = Ad-Hoc|iPhone
		{9EB384BD-973D-4073-9531-BF7B3D96471C}.Ad-Hoc|iPhone.ActiveCfg = Ad-Hoc|iPhone
		{9EB384BD-973D-4073-9531-BF7B3D96471C}.Ad-Hoc|iPhone.Build.0 = Ad-Hoc|iPhone
		{9EB384BD-973D-4073-9531-BF7B3D96471C}.Ad-Hoc|iPhoneSimulator.ActiveCfg = Ad-Hoc|iPhoneSimulator
		{9EB384BD-973D-4073-9531-BF7B3D96471C}.Ad-Hoc|iPhoneSimulator.Build.0 = Ad-Hoc|iPhoneSimulator
		{9EB384BD-973D-4073-9531-BF7B3D96471C}.Ad-Hoc|x64.ActiveCfg = Ad-Hoc|iPhone
		{9EB384BD-973D-4073-9531-BF7B3D96471C}.Ad-Hoc|x86.ActiveCfg = Ad-Hoc|iPhone
		{9EB384BD-973D-4073-9531-BF7B3D96471C}.AppStore|Any CPU.ActiveCfg = AppStore|iPhone
		{9EB384BD-973D-4073-9531-BF7B3D96471C}.AppStore|ARM.ActiveCfg = AppStore|iPhone
		{9EB384BD-973D-4073-9531-BF7B3D96471C}.AppStore|iPhone.ActiveCfg = AppStore|iPhone
		{9EB384BD-973D-4073-9531-BF7B3D96471C}.AppStore|iPhone.Build.0 = AppStore|iPhone
		{9EB384BD-973D-4073-9531-BF7B3D96471C}.AppStore|iPhoneSimulator.ActiveCfg = AppStore|iPhoneSimulator
		{9EB384BD-973D-4073-9531-BF7B3D96471C}.AppStore|iPhoneSimulator.Build.0 = AppStore|iPhoneSimulator
		{9EB384BD-973D-4073-9531-BF7B3D96471C}.AppStore|x64.ActiveCfg = AppStore|iPhone
		{9EB384BD-973D-4073-9531-BF7B3D96471C}.AppStore|x86.ActiveCfg = AppStore|iPhone
		{9EB384BD-973D-4073-9531-BF7B3D96471C}.Debug|Any CPU.ActiveCfg = Debug|iPhone
		{9EB384BD-973D-4073-9531-BF7B3D96471C}.Debug|ARM.ActiveCfg = Debug|iPhone
		{9EB384BD-973D-4073-9531-BF7B3D96471C}.Debug|iPhone.ActiveCfg = Debug|iPhone
		{9EB384BD-973D-4073-9531-BF7B3D96471C}.Debug|iPhone.Build.0 = Debug|iPhone
		{9EB384BD-973D-4073-9531-BF7B3D96471C}.Debug|iPhoneSimulator.ActiveCfg = Debug|iPhoneSimulator
		{9EB384BD-973D-4073-9531-BF7B3D96471C}.Debug|iPhoneSimulator.Build.0 = Debug|iPhoneSimulator
		{9EB384BD-973D-4073-9531-BF7B3D96471C}.Debug|x64.ActiveCfg = Debug|iPhone
		{9EB384BD-973D-4073-9531-BF7B3D96471C}.Debug|x86.ActiveCfg = Debug|iPhone
		{9EB384BD-973D-4073-9531-BF7B3D96471C}.Release|Any CPU.ActiveCfg = Release|iPhone
		{9EB384BD-973D-4073-9531-BF7B3D96471C}.Release|ARM.ActiveCfg = Release|iPhone
		{9EB384BD-973D-4073-9531-BF7B3D96471C}.Release|iPhone.ActiveCfg = Release|iPhone
		{9EB384BD-973D-4073-9531-BF7B3D96471C}.Release|iPhone.Build.0 = Release|iPhone
		{9EB384BD-973D-4073-9531-BF7B3D96471C}.Release|iPhoneSimulator.ActiveCfg = Release|iPhoneSimulator
		{9EB384BD-973D-4073-9531-BF7B3D96471C}.Release|iPhoneSimulator.Build.0 = Release|iPhoneSimulator
		{9EB384BD-973D-4073-9531-BF7B3D96471C}.Release|x64.ActiveCfg = Release|iPhone
		{9EB384BD-973D-4073-9531-BF7B3D96471C}.Release|x86.ActiveCfg = Release|iPhone
		{B1E1722D-E50A-4A7F-9581-6E5B3C2AE635}.Ad-Hoc|Any CPU.ActiveCfg = Release|Any CPU
		{B1E1722D-E50A-4A7F-9581-6E5B3C2AE635}.Ad-Hoc|Any CPU.Build.0 = Release|Any CPU
		{B1E1722D-E50A-4A7F-9581-6E5B3C2AE635}.Ad-Hoc|Any CPU.Deploy.0 = Release|Any CPU
		{B1E1722D-E50A-4A7F-9581-6E5B3C2AE635}.Ad-Hoc|ARM.ActiveCfg = Release|ARM
		{B1E1722D-E50A-4A7F-9581-6E5B3C2AE635}.Ad-Hoc|ARM.Build.0 = Release|ARM
		{B1E1722D-E50A-4A7F-9581-6E5B3C2AE635}.Ad-Hoc|ARM.Deploy.0 = Release|ARM
		{B1E1722D-E50A-4A7F-9581-6E5B3C2AE635}.Ad-Hoc|iPhone.ActiveCfg = Release|Any CPU
		{B1E1722D-E50A-4A7F-9581-6E5B3C2AE635}.Ad-Hoc|iPhone.Build.0 = Release|Any CPU
		{B1E1722D-E50A-4A7F-9581-6E5B3C2AE635}.Ad-Hoc|iPhone.Deploy.0 = Release|Any CPU
		{B1E1722D-E50A-4A7F-9581-6E5B3C2AE635}.Ad-Hoc|iPhoneSimulator.ActiveCfg = Release|Any CPU
		{B1E1722D-E50A-4A7F-9581-6E5B3C2AE635}.Ad-Hoc|iPhoneSimulator.Build.0 = Release|Any CPU
		{B1E1722D-E50A-4A7F-9581-6E5B3C2AE635}.Ad-Hoc|iPhoneSimulator.Deploy.0 = Release|Any CPU
		{B1E1722D-E50A-4A7F-9581-6E5B3C2AE635}.Ad-Hoc|x64.ActiveCfg = Release|Any CPU
		{B1E1722D-E50A-4A7F-9581-6E5B3C2AE635}.Ad-Hoc|x64.Build.0 = Release|Any CPU
		{B1E1722D-E50A-4A7F-9581-6E5B3C2AE635}.Ad-Hoc|x64.Deploy.0 = Release|Any CPU
		{B1E1722D-E50A-4A7F-9581-6E5B3C2AE635}.Ad-Hoc|x86.ActiveCfg = Release|x86
		{B1E1722D-E50A-4A7F-9581-6E5B3C2AE635}.Ad-Hoc|x86.Build.0 = Release|x86
		{B1E1722D-E50A-4A7F-9581-6E5B3C2AE635}.Ad-Hoc|x86.Deploy.0 = Release|x86
		{B1E1722D-E50A-4A7F-9581-6E5B3C2AE635}.AppStore|Any CPU.ActiveCfg = Release|Any CPU
		{B1E1722D-E50A-4A7F-9581-6E5B3C2AE635}.AppStore|Any CPU.Build.0 = Release|Any CPU
		{B1E1722D-E50A-4A7F-9581-6E5B3C2AE635}.AppStore|Any CPU.Deploy.0 = Release|Any CPU
		{B1E1722D-E50A-4A7F-9581-6E5B3C2AE635}.AppStore|ARM.ActiveCfg = Release|ARM
		{B1E1722D-E50A-4A7F-9581-6E5B3C2AE635}.AppStore|ARM.Build.0 = Release|ARM
		{B1E1722D-E50A-4A7F-9581-6E5B3C2AE635}.AppStore|ARM.Deploy.0 = Release|ARM
		{B1E1722D-E50A-4A7F-9581-6E5B3C2AE635}.AppStore|iPhone.ActiveCfg = Release|Any CPU
		{B1E1722D-E50A-4A7F-9581-6E5B3C2AE635}.AppStore|iPhone.Build.0 = Release|Any CPU
		{B1E1722D-E50A-4A7F-9581-6E5B3C2AE635}.AppStore|iPhone.Deploy.0 = Release|Any CPU
		{B1E1722D-E50A-4A7F-9581-6E5B3C2AE635}.AppStore|iPhoneSimulator.ActiveCfg = Release|Any CPU
		{B1E1722D-E50A-4A7F-9581-6E5B3C2AE635}.AppStore|iPhoneSimulator.Build.0 = Release|Any CPU
		{B1E1722D-E50A-4A7F-9581-6E5B3C2AE635}.AppStore|iPhoneSimulator.Deploy.0 = Release|Any CPU
		{B1E1722D-E50A-4A7F-9581-6E5B3C2AE635}.AppStore|x64.ActiveCfg = Release|Any CPU
		{B1E1722D-E50A-4A7F-9581-6E5B3C2AE635}.AppStore|x64.Build.0 = Release|Any CPU
		{B1E1722D-E50A-4A7F-9581-6E5B3C2AE635}.AppStore|x64.Deploy.0 = Release|Any CPU
		{B1E1722D-E50A-4A7F-9581-6E5B3C2AE635}.AppStore|x86.ActiveCfg = Release|x86
		{B1E1722D-E50A-4A7F-9581-6E5B3C2AE635}.AppStore|x86.Build.0 = Release|x86
		{B1E1722D-E50A-4A7F-9581-6E5B3C2AE635}.AppStore|x86.Deploy.0 = Release|x86
		{B1E1722D-E50A-4A7F-9581-6E5B3C2AE635}.Debug|Any CPU.ActiveCfg = Debug|Any CPU
		{B1E1722D-E50A-4A7F-9581-6E5B3C2AE635}.Debug|Any CPU.Build.0 = Debug|Any CPU
		{B1E1722D-E50A-4A7F-9581-6E5B3C2AE635}.Debug|Any CPU.Deploy.0 = Debug|Any CPU
		{B1E1722D-E50A-4A7F-9581-6E5B3C2AE635}.Debug|ARM.ActiveCfg = Debug|ARM
		{B1E1722D-E50A-4A7F-9581-6E5B3C2AE635}.Debug|ARM.Build.0 = Debug|ARM
		{B1E1722D-E50A-4A7F-9581-6E5B3C2AE635}.Debug|ARM.Deploy.0 = Debug|ARM
		{B1E1722D-E50A-4A7F-9581-6E5B3C2AE635}.Debug|iPhone.ActiveCfg = Debug|Any CPU
		{B1E1722D-E50A-4A7F-9581-6E5B3C2AE635}.Debug|iPhone.Build.0 = Debug|Any CPU
		{B1E1722D-E50A-4A7F-9581-6E5B3C2AE635}.Debug|iPhone.Deploy.0 = Debug|Any CPU
		{B1E1722D-E50A-4A7F-9581-6E5B3C2AE635}.Debug|iPhoneSimulator.ActiveCfg = Debug|Any CPU
		{B1E1722D-E50A-4A7F-9581-6E5B3C2AE635}.Debug|iPhoneSimulator.Build.0 = Debug|Any CPU
		{B1E1722D-E50A-4A7F-9581-6E5B3C2AE635}.Debug|iPhoneSimulator.Deploy.0 = Debug|Any CPU
		{B1E1722D-E50A-4A7F-9581-6E5B3C2AE635}.Debug|x64.ActiveCfg = Debug|Any CPU
		{B1E1722D-E50A-4A7F-9581-6E5B3C2AE635}.Debug|x64.Build.0 = Debug|Any CPU
		{B1E1722D-E50A-4A7F-9581-6E5B3C2AE635}.Debug|x64.Deploy.0 = Debug|Any CPU
		{B1E1722D-E50A-4A7F-9581-6E5B3C2AE635}.Debug|x86.ActiveCfg = Debug|x86
		{B1E1722D-E50A-4A7F-9581-6E5B3C2AE635}.Debug|x86.Build.0 = Debug|x86
		{B1E1722D-E50A-4A7F-9581-6E5B3C2AE635}.Debug|x86.Deploy.0 = Debug|x86
		{B1E1722D-E50A-4A7F-9581-6E5B3C2AE635}.Release|Any CPU.ActiveCfg = Release|Any CPU
		{B1E1722D-E50A-4A7F-9581-6E5B3C2AE635}.Release|Any CPU.Build.0 = Release|Any CPU
		{B1E1722D-E50A-4A7F-9581-6E5B3C2AE635}.Release|Any CPU.Deploy.0 = Release|Any CPU
		{B1E1722D-E50A-4A7F-9581-6E5B3C2AE635}.Release|ARM.ActiveCfg = Release|ARM
		{B1E1722D-E50A-4A7F-9581-6E5B3C2AE635}.Release|ARM.Build.0 = Release|ARM
		{B1E1722D-E50A-4A7F-9581-6E5B3C2AE635}.Release|ARM.Deploy.0 = Release|ARM
		{B1E1722D-E50A-4A7F-9581-6E5B3C2AE635}.Release|iPhone.ActiveCfg = Release|Any CPU
		{B1E1722D-E50A-4A7F-9581-6E5B3C2AE635}.Release|iPhone.Build.0 = Release|Any CPU
		{B1E1722D-E50A-4A7F-9581-6E5B3C2AE635}.Release|iPhone.Deploy.0 = Release|Any CPU
		{B1E1722D-E50A-4A7F-9581-6E5B3C2AE635}.Release|iPhoneSimulator.ActiveCfg = Release|Any CPU
		{B1E1722D-E50A-4A7F-9581-6E5B3C2AE635}.Release|iPhoneSimulator.Build.0 = Release|Any CPU
		{B1E1722D-E50A-4A7F-9581-6E5B3C2AE635}.Release|iPhoneSimulator.Deploy.0 = Release|Any CPU
		{B1E1722D-E50A-4A7F-9581-6E5B3C2AE635}.Release|x64.ActiveCfg = Release|Any CPU
		{B1E1722D-E50A-4A7F-9581-6E5B3C2AE635}.Release|x64.Build.0 = Release|Any CPU
		{B1E1722D-E50A-4A7F-9581-6E5B3C2AE635}.Release|x64.Deploy.0 = Release|Any CPU
		{B1E1722D-E50A-4A7F-9581-6E5B3C2AE635}.Release|x86.ActiveCfg = Release|x86
		{B1E1722D-E50A-4A7F-9581-6E5B3C2AE635}.Release|x86.Build.0 = Release|x86
		{B1E1722D-E50A-4A7F-9581-6E5B3C2AE635}.Release|x86.Deploy.0 = Release|x86
		{EE7CB27C-D9F4-46FC-B05F-30A6ADF0F674}.Ad-Hoc|Any CPU.ActiveCfg = Release|x86
		{EE7CB27C-D9F4-46FC-B05F-30A6ADF0F674}.Ad-Hoc|Any CPU.Build.0 = Release|x86
		{EE7CB27C-D9F4-46FC-B05F-30A6ADF0F674}.Ad-Hoc|Any CPU.Deploy.0 = Release|x86
		{EE7CB27C-D9F4-46FC-B05F-30A6ADF0F674}.Ad-Hoc|ARM.ActiveCfg = Release|ARM
		{EE7CB27C-D9F4-46FC-B05F-30A6ADF0F674}.Ad-Hoc|ARM.Build.0 = Release|ARM
		{EE7CB27C-D9F4-46FC-B05F-30A6ADF0F674}.Ad-Hoc|ARM.Deploy.0 = Release|ARM
		{EE7CB27C-D9F4-46FC-B05F-30A6ADF0F674}.Ad-Hoc|iPhone.ActiveCfg = Release|x86
		{EE7CB27C-D9F4-46FC-B05F-30A6ADF0F674}.Ad-Hoc|iPhone.Build.0 = Release|x86
		{EE7CB27C-D9F4-46FC-B05F-30A6ADF0F674}.Ad-Hoc|iPhone.Deploy.0 = Release|x86
		{EE7CB27C-D9F4-46FC-B05F-30A6ADF0F674}.Ad-Hoc|iPhoneSimulator.ActiveCfg = Release|x86
		{EE7CB27C-D9F4-46FC-B05F-30A6ADF0F674}.Ad-Hoc|iPhoneSimulator.Build.0 = Release|x86
		{EE7CB27C-D9F4-46FC-B05F-30A6ADF0F674}.Ad-Hoc|iPhoneSimulator.Deploy.0 = Release|x86
		{EE7CB27C-D9F4-46FC-B05F-30A6ADF0F674}.Ad-Hoc|x64.ActiveCfg = Release|x64
		{EE7CB27C-D9F4-46FC-B05F-30A6ADF0F674}.Ad-Hoc|x64.Build.0 = Release|x64
		{EE7CB27C-D9F4-46FC-B05F-30A6ADF0F674}.Ad-Hoc|x64.Deploy.0 = Release|x64
		{EE7CB27C-D9F4-46FC-B05F-30A6ADF0F674}.Ad-Hoc|x86.ActiveCfg = Release|x86
		{EE7CB27C-D9F4-46FC-B05F-30A6ADF0F674}.Ad-Hoc|x86.Build.0 = Release|x86
		{EE7CB27C-D9F4-46FC-B05F-30A6ADF0F674}.Ad-Hoc|x86.Deploy.0 = Release|x86
		{EE7CB27C-D9F4-46FC-B05F-30A6ADF0F674}.AppStore|Any CPU.ActiveCfg = Release|x86
		{EE7CB27C-D9F4-46FC-B05F-30A6ADF0F674}.AppStore|Any CPU.Build.0 = Release|x86
		{EE7CB27C-D9F4-46FC-B05F-30A6ADF0F674}.AppStore|Any CPU.Deploy.0 = Release|x86
		{EE7CB27C-D9F4-46FC-B05F-30A6ADF0F674}.AppStore|ARM.ActiveCfg = Release|ARM
		{EE7CB27C-D9F4-46FC-B05F-30A6ADF0F674}.AppStore|ARM.Build.0 = Release|ARM
		{EE7CB27C-D9F4-46FC-B05F-30A6ADF0F674}.AppStore|ARM.Deploy.0 = Release|ARM
		{EE7CB27C-D9F4-46FC-B05F-30A6ADF0F674}.AppStore|iPhone.ActiveCfg = Release|x86
		{EE7CB27C-D9F4-46FC-B05F-30A6ADF0F674}.AppStore|iPhone.Build.0 = Release|x86
		{EE7CB27C-D9F4-46FC-B05F-30A6ADF0F674}.AppStore|iPhone.Deploy.0 = Release|x86
		{EE7CB27C-D9F4-46FC-B05F-30A6ADF0F674}.AppStore|iPhoneSimulator.ActiveCfg = Release|x86
		{EE7CB27C-D9F4-46FC-B05F-30A6ADF0F674}.AppStore|iPhoneSimulator.Build.0 = Release|x86
		{EE7CB27C-D9F4-46FC-B05F-30A6ADF0F674}.AppStore|iPhoneSimulator.Deploy.0 = Release|x86
		{EE7CB27C-D9F4-46FC-B05F-30A6ADF0F674}.AppStore|x64.ActiveCfg = Release|x64
		{EE7CB27C-D9F4-46FC-B05F-30A6ADF0F674}.AppStore|x64.Build.0 = Release|x64
		{EE7CB27C-D9F4-46FC-B05F-30A6ADF0F674}.AppStore|x64.Deploy.0 = Release|x64
		{EE7CB27C-D9F4-46FC-B05F-30A6ADF0F674}.AppStore|x86.ActiveCfg = Release|x86
		{EE7CB27C-D9F4-46FC-B05F-30A6ADF0F674}.AppStore|x86.Build.0 = Release|x86
		{EE7CB27C-D9F4-46FC-B05F-30A6ADF0F674}.AppStore|x86.Deploy.0 = Release|x86
		{EE7CB27C-D9F4-46FC-B05F-30A6ADF0F674}.Debug|Any CPU.ActiveCfg = Debug|x86
		{EE7CB27C-D9F4-46FC-B05F-30A6ADF0F674}.Debug|ARM.ActiveCfg = Debug|ARM
		{EE7CB27C-D9F4-46FC-B05F-30A6ADF0F674}.Debug|ARM.Build.0 = Debug|ARM
		{EE7CB27C-D9F4-46FC-B05F-30A6ADF0F674}.Debug|ARM.Deploy.0 = Debug|ARM
		{EE7CB27C-D9F4-46FC-B05F-30A6ADF0F674}.Debug|iPhone.ActiveCfg = Debug|x86
		{EE7CB27C-D9F4-46FC-B05F-30A6ADF0F674}.Debug|iPhoneSimulator.ActiveCfg = Debug|x86
		{EE7CB27C-D9F4-46FC-B05F-30A6ADF0F674}.Debug|x64.ActiveCfg = Debug|x64
		{EE7CB27C-D9F4-46FC-B05F-30A6ADF0F674}.Debug|x64.Build.0 = Debug|x64
		{EE7CB27C-D9F4-46FC-B05F-30A6ADF0F674}.Debug|x64.Deploy.0 = Debug|x64
		{EE7CB27C-D9F4-46FC-B05F-30A6ADF0F674}.Debug|x86.ActiveCfg = Debug|x86
		{EE7CB27C-D9F4-46FC-B05F-30A6ADF0F674}.Debug|x86.Build.0 = Debug|x86
		{EE7CB27C-D9F4-46FC-B05F-30A6ADF0F674}.Debug|x86.Deploy.0 = Debug|x86
		{EE7CB27C-D9F4-46FC-B05F-30A6ADF0F674}.Release|Any CPU.ActiveCfg = Release|x86
		{EE7CB27C-D9F4-46FC-B05F-30A6ADF0F674}.Release|ARM.ActiveCfg = Release|ARM
		{EE7CB27C-D9F4-46FC-B05F-30A6ADF0F674}.Release|ARM.Build.0 = Release|ARM
		{EE7CB27C-D9F4-46FC-B05F-30A6ADF0F674}.Release|ARM.Deploy.0 = Release|ARM
		{EE7CB27C-D9F4-46FC-B05F-30A6ADF0F674}.Release|iPhone.ActiveCfg = Release|x86
		{EE7CB27C-D9F4-46FC-B05F-30A6ADF0F674}.Release|iPhoneSimulator.ActiveCfg = Release|x86
		{EE7CB27C-D9F4-46FC-B05F-30A6ADF0F674}.Release|x64.ActiveCfg = Release|x64
		{EE7CB27C-D9F4-46FC-B05F-30A6ADF0F674}.Release|x64.Build.0 = Release|x64
		{EE7CB27C-D9F4-46FC-B05F-30A6ADF0F674}.Release|x64.Deploy.0 = Release|x64
		{EE7CB27C-D9F4-46FC-B05F-30A6ADF0F674}.Release|x86.ActiveCfg = Release|x86
		{EE7CB27C-D9F4-46FC-B05F-30A6ADF0F674}.Release|x86.Build.0 = Release|x86
		{EE7CB27C-D9F4-46FC-B05F-30A6ADF0F674}.Release|x86.Deploy.0 = Release|x86
		{07EB465D-C650-4E15-B362-E1DD5C3F4EDC}.Ad-Hoc|Any CPU.ActiveCfg = Release|Any CPU
		{07EB465D-C650-4E15-B362-E1DD5C3F4EDC}.Ad-Hoc|Any CPU.Build.0 = Release|Any CPU
		{07EB465D-C650-4E15-B362-E1DD5C3F4EDC}.Ad-Hoc|Any CPU.Deploy.0 = Release|Any CPU
		{07EB465D-C650-4E15-B362-E1DD5C3F4EDC}.Ad-Hoc|ARM.ActiveCfg = Release|ARM
		{07EB465D-C650-4E15-B362-E1DD5C3F4EDC}.Ad-Hoc|ARM.Build.0 = Release|ARM
		{07EB465D-C650-4E15-B362-E1DD5C3F4EDC}.Ad-Hoc|ARM.Deploy.0 = Release|ARM
		{07EB465D-C650-4E15-B362-E1DD5C3F4EDC}.Ad-Hoc|iPhone.ActiveCfg = Release|Any CPU
		{07EB465D-C650-4E15-B362-E1DD5C3F4EDC}.Ad-Hoc|iPhone.Build.0 = Release|Any CPU
		{07EB465D-C650-4E15-B362-E1DD5C3F4EDC}.Ad-Hoc|iPhone.Deploy.0 = Release|Any CPU
		{07EB465D-C650-4E15-B362-E1DD5C3F4EDC}.Ad-Hoc|iPhoneSimulator.ActiveCfg = Release|Any CPU
		{07EB465D-C650-4E15-B362-E1DD5C3F4EDC}.Ad-Hoc|iPhoneSimulator.Build.0 = Release|Any CPU
		{07EB465D-C650-4E15-B362-E1DD5C3F4EDC}.Ad-Hoc|iPhoneSimulator.Deploy.0 = Release|Any CPU
		{07EB465D-C650-4E15-B362-E1DD5C3F4EDC}.Ad-Hoc|x64.ActiveCfg = Release|x64
		{07EB465D-C650-4E15-B362-E1DD5C3F4EDC}.Ad-Hoc|x64.Build.0 = Release|x64
		{07EB465D-C650-4E15-B362-E1DD5C3F4EDC}.Ad-Hoc|x64.Deploy.0 = Release|x64
		{07EB465D-C650-4E15-B362-E1DD5C3F4EDC}.Ad-Hoc|x86.ActiveCfg = Release|x86
		{07EB465D-C650-4E15-B362-E1DD5C3F4EDC}.Ad-Hoc|x86.Build.0 = Release|x86
		{07EB465D-C650-4E15-B362-E1DD5C3F4EDC}.Ad-Hoc|x86.Deploy.0 = Release|x86
		{07EB465D-C650-4E15-B362-E1DD5C3F4EDC}.AppStore|Any CPU.ActiveCfg = Release|Any CPU
		{07EB465D-C650-4E15-B362-E1DD5C3F4EDC}.AppStore|Any CPU.Build.0 = Release|Any CPU
		{07EB465D-C650-4E15-B362-E1DD5C3F4EDC}.AppStore|Any CPU.Deploy.0 = Release|Any CPU
		{07EB465D-C650-4E15-B362-E1DD5C3F4EDC}.AppStore|ARM.ActiveCfg = Release|ARM
		{07EB465D-C650-4E15-B362-E1DD5C3F4EDC}.AppStore|ARM.Build.0 = Release|ARM
		{07EB465D-C650-4E15-B362-E1DD5C3F4EDC}.AppStore|ARM.Deploy.0 = Release|ARM
		{07EB465D-C650-4E15-B362-E1DD5C3F4EDC}.AppStore|iPhone.ActiveCfg = Release|Any CPU
		{07EB465D-C650-4E15-B362-E1DD5C3F4EDC}.AppStore|iPhone.Build.0 = Release|Any CPU
		{07EB465D-C650-4E15-B362-E1DD5C3F4EDC}.AppStore|iPhone.Deploy.0 = Release|Any CPU
		{07EB465D-C650-4E15-B362-E1DD5C3F4EDC}.AppStore|iPhoneSimulator.ActiveCfg = Release|Any CPU
		{07EB465D-C650-4E15-B362-E1DD5C3F4EDC}.AppStore|iPhoneSimulator.Build.0 = Release|Any CPU
		{07EB465D-C650-4E15-B362-E1DD5C3F4EDC}.AppStore|iPhoneSimulator.Deploy.0 = Release|Any CPU
		{07EB465D-C650-4E15-B362-E1DD5C3F4EDC}.AppStore|x64.ActiveCfg = Release|x64
		{07EB465D-C650-4E15-B362-E1DD5C3F4EDC}.AppStore|x64.Build.0 = Release|x64
		{07EB465D-C650-4E15-B362-E1DD5C3F4EDC}.AppStore|x64.Deploy.0 = Release|x64
		{07EB465D-C650-4E15-B362-E1DD5C3F4EDC}.AppStore|x86.ActiveCfg = Release|x86
		{07EB465D-C650-4E15-B362-E1DD5C3F4EDC}.AppStore|x86.Build.0 = Release|x86
		{07EB465D-C650-4E15-B362-E1DD5C3F4EDC}.AppStore|x86.Deploy.0 = Release|x86
		{07EB465D-C650-4E15-B362-E1DD5C3F4EDC}.Debug|Any CPU.ActiveCfg = Debug|Any CPU
		{07EB465D-C650-4E15-B362-E1DD5C3F4EDC}.Debug|Any CPU.Build.0 = Debug|Any CPU
		{07EB465D-C650-4E15-B362-E1DD5C3F4EDC}.Debug|Any CPU.Deploy.0 = Debug|Any CPU
		{07EB465D-C650-4E15-B362-E1DD5C3F4EDC}.Debug|ARM.ActiveCfg = Debug|ARM
		{07EB465D-C650-4E15-B362-E1DD5C3F4EDC}.Debug|ARM.Build.0 = Debug|ARM
		{07EB465D-C650-4E15-B362-E1DD5C3F4EDC}.Debug|ARM.Deploy.0 = Debug|ARM
		{07EB465D-C650-4E15-B362-E1DD5C3F4EDC}.Debug|iPhone.ActiveCfg = Debug|Any CPU
		{07EB465D-C650-4E15-B362-E1DD5C3F4EDC}.Debug|iPhone.Build.0 = Debug|Any CPU
		{07EB465D-C650-4E15-B362-E1DD5C3F4EDC}.Debug|iPhone.Deploy.0 = Debug|Any CPU
		{07EB465D-C650-4E15-B362-E1DD5C3F4EDC}.Debug|iPhoneSimulator.ActiveCfg = Debug|Any CPU
		{07EB465D-C650-4E15-B362-E1DD5C3F4EDC}.Debug|iPhoneSimulator.Build.0 = Debug|Any CPU
		{07EB465D-C650-4E15-B362-E1DD5C3F4EDC}.Debug|iPhoneSimulator.Deploy.0 = Debug|Any CPU
		{07EB465D-C650-4E15-B362-E1DD5C3F4EDC}.Debug|x64.ActiveCfg = Debug|x64
		{07EB465D-C650-4E15-B362-E1DD5C3F4EDC}.Debug|x64.Build.0 = Debug|x64
		{07EB465D-C650-4E15-B362-E1DD5C3F4EDC}.Debug|x64.Deploy.0 = Debug|x64
		{07EB465D-C650-4E15-B362-E1DD5C3F4EDC}.Debug|x86.ActiveCfg = Debug|x86
		{07EB465D-C650-4E15-B362-E1DD5C3F4EDC}.Debug|x86.Build.0 = Debug|x86
		{07EB465D-C650-4E15-B362-E1DD5C3F4EDC}.Debug|x86.Deploy.0 = Debug|x86
		{07EB465D-C650-4E15-B362-E1DD5C3F4EDC}.Release|Any CPU.ActiveCfg = Release|Any CPU
		{07EB465D-C650-4E15-B362-E1DD5C3F4EDC}.Release|Any CPU.Build.0 = Release|Any CPU
		{07EB465D-C650-4E15-B362-E1DD5C3F4EDC}.Release|Any CPU.Deploy.0 = Release|Any CPU
		{07EB465D-C650-4E15-B362-E1DD5C3F4EDC}.Release|ARM.ActiveCfg = Release|ARM
		{07EB465D-C650-4E15-B362-E1DD5C3F4EDC}.Release|ARM.Build.0 = Release|ARM
		{07EB465D-C650-4E15-B362-E1DD5C3F4EDC}.Release|ARM.Deploy.0 = Release|ARM
		{07EB465D-C650-4E15-B362-E1DD5C3F4EDC}.Release|iPhone.ActiveCfg = Release|Any CPU
		{07EB465D-C650-4E15-B362-E1DD5C3F4EDC}.Release|iPhone.Build.0 = Release|Any CPU
		{07EB465D-C650-4E15-B362-E1DD5C3F4EDC}.Release|iPhone.Deploy.0 = Release|Any CPU
		{07EB465D-C650-4E15-B362-E1DD5C3F4EDC}.Release|iPhoneSimulator.ActiveCfg = Release|Any CPU
		{07EB465D-C650-4E15-B362-E1DD5C3F4EDC}.Release|iPhoneSimulator.Build.0 = Release|Any CPU
		{07EB465D-C650-4E15-B362-E1DD5C3F4EDC}.Release|iPhoneSimulator.Deploy.0 = Release|Any CPU
		{07EB465D-C650-4E15-B362-E1DD5C3F4EDC}.Release|x64.ActiveCfg = Release|x64
		{07EB465D-C650-4E15-B362-E1DD5C3F4EDC}.Release|x64.Build.0 = Release|x64
		{07EB465D-C650-4E15-B362-E1DD5C3F4EDC}.Release|x64.Deploy.0 = Release|x64
		{07EB465D-C650-4E15-B362-E1DD5C3F4EDC}.Release|x86.ActiveCfg = Release|x86
		{07EB465D-C650-4E15-B362-E1DD5C3F4EDC}.Release|x86.Build.0 = Release|x86
		{07EB465D-C650-4E15-B362-E1DD5C3F4EDC}.Release|x86.Deploy.0 = Release|x86
		{F043451D-F5B1-4FB2-B0A5-755CB125421F}.Ad-Hoc|Any CPU.ActiveCfg = Release|Any CPU
		{F043451D-F5B1-4FB2-B0A5-755CB125421F}.Ad-Hoc|Any CPU.Build.0 = Release|Any CPU
		{F043451D-F5B1-4FB2-B0A5-755CB125421F}.Ad-Hoc|ARM.ActiveCfg = Release|Any CPU
		{F043451D-F5B1-4FB2-B0A5-755CB125421F}.Ad-Hoc|ARM.Build.0 = Release|Any CPU
		{F043451D-F5B1-4FB2-B0A5-755CB125421F}.Ad-Hoc|iPhone.ActiveCfg = Release|Any CPU
		{F043451D-F5B1-4FB2-B0A5-755CB125421F}.Ad-Hoc|iPhone.Build.0 = Release|Any CPU
		{F043451D-F5B1-4FB2-B0A5-755CB125421F}.Ad-Hoc|iPhoneSimulator.ActiveCfg = Release|Any CPU
		{F043451D-F5B1-4FB2-B0A5-755CB125421F}.Ad-Hoc|iPhoneSimulator.Build.0 = Release|Any CPU
		{F043451D-F5B1-4FB2-B0A5-755CB125421F}.Ad-Hoc|x64.ActiveCfg = Release|Any CPU
		{F043451D-F5B1-4FB2-B0A5-755CB125421F}.Ad-Hoc|x64.Build.0 = Release|Any CPU
		{F043451D-F5B1-4FB2-B0A5-755CB125421F}.Ad-Hoc|x86.ActiveCfg = Release|Any CPU
		{F043451D-F5B1-4FB2-B0A5-755CB125421F}.Ad-Hoc|x86.Build.0 = Release|Any CPU
		{F043451D-F5B1-4FB2-B0A5-755CB125421F}.AppStore|Any CPU.ActiveCfg = Release|Any CPU
		{F043451D-F5B1-4FB2-B0A5-755CB125421F}.AppStore|Any CPU.Build.0 = Release|Any CPU
		{F043451D-F5B1-4FB2-B0A5-755CB125421F}.AppStore|ARM.ActiveCfg = Release|Any CPU
		{F043451D-F5B1-4FB2-B0A5-755CB125421F}.AppStore|ARM.Build.0 = Release|Any CPU
		{F043451D-F5B1-4FB2-B0A5-755CB125421F}.AppStore|iPhone.ActiveCfg = Release|Any CPU
		{F043451D-F5B1-4FB2-B0A5-755CB125421F}.AppStore|iPhone.Build.0 = Release|Any CPU
		{F043451D-F5B1-4FB2-B0A5-755CB125421F}.AppStore|iPhoneSimulator.ActiveCfg = Release|Any CPU
		{F043451D-F5B1-4FB2-B0A5-755CB125421F}.AppStore|iPhoneSimulator.Build.0 = Release|Any CPU
		{F043451D-F5B1-4FB2-B0A5-755CB125421F}.AppStore|x64.ActiveCfg = Release|Any CPU
		{F043451D-F5B1-4FB2-B0A5-755CB125421F}.AppStore|x64.Build.0 = Release|Any CPU
		{F043451D-F5B1-4FB2-B0A5-755CB125421F}.AppStore|x86.ActiveCfg = Release|Any CPU
		{F043451D-F5B1-4FB2-B0A5-755CB125421F}.AppStore|x86.Build.0 = Release|Any CPU
		{F043451D-F5B1-4FB2-B0A5-755CB125421F}.Debug|Any CPU.ActiveCfg = Debug|Any CPU
		{F043451D-F5B1-4FB2-B0A5-755CB125421F}.Debug|Any CPU.Build.0 = Debug|Any CPU
		{F043451D-F5B1-4FB2-B0A5-755CB125421F}.Debug|ARM.ActiveCfg = Debug|Any CPU
		{F043451D-F5B1-4FB2-B0A5-755CB125421F}.Debug|ARM.Build.0 = Debug|Any CPU
		{F043451D-F5B1-4FB2-B0A5-755CB125421F}.Debug|iPhone.ActiveCfg = Debug|Any CPU
		{F043451D-F5B1-4FB2-B0A5-755CB125421F}.Debug|iPhone.Build.0 = Debug|Any CPU
		{F043451D-F5B1-4FB2-B0A5-755CB125421F}.Debug|iPhoneSimulator.ActiveCfg = Debug|Any CPU
		{F043451D-F5B1-4FB2-B0A5-755CB125421F}.Debug|iPhoneSimulator.Build.0 = Debug|Any CPU
		{F043451D-F5B1-4FB2-B0A5-755CB125421F}.Debug|x64.ActiveCfg = Debug|Any CPU
		{F043451D-F5B1-4FB2-B0A5-755CB125421F}.Debug|x64.Build.0 = Debug|Any CPU
		{F043451D-F5B1-4FB2-B0A5-755CB125421F}.Debug|x86.ActiveCfg = Debug|Any CPU
		{F043451D-F5B1-4FB2-B0A5-755CB125421F}.Debug|x86.Build.0 = Debug|Any CPU
		{F043451D-F5B1-4FB2-B0A5-755CB125421F}.Release|Any CPU.ActiveCfg = Release|Any CPU
		{F043451D-F5B1-4FB2-B0A5-755CB125421F}.Release|Any CPU.Build.0 = Release|Any CPU
		{F043451D-F5B1-4FB2-B0A5-755CB125421F}.Release|ARM.ActiveCfg = Release|Any CPU
		{F043451D-F5B1-4FB2-B0A5-755CB125421F}.Release|ARM.Build.0 = Release|Any CPU
		{F043451D-F5B1-4FB2-B0A5-755CB125421F}.Release|iPhone.ActiveCfg = Release|Any CPU
		{F043451D-F5B1-4FB2-B0A5-755CB125421F}.Release|iPhone.Build.0 = Release|Any CPU
		{F043451D-F5B1-4FB2-B0A5-755CB125421F}.Release|iPhoneSimulator.ActiveCfg = Release|Any CPU
		{F043451D-F5B1-4FB2-B0A5-755CB125421F}.Release|iPhoneSimulator.Build.0 = Release|Any CPU
		{F043451D-F5B1-4FB2-B0A5-755CB125421F}.Release|x64.ActiveCfg = Release|Any CPU
		{F043451D-F5B1-4FB2-B0A5-755CB125421F}.Release|x64.Build.0 = Release|Any CPU
		{F043451D-F5B1-4FB2-B0A5-755CB125421F}.Release|x86.ActiveCfg = Release|Any CPU
		{F043451D-F5B1-4FB2-B0A5-755CB125421F}.Release|x86.Build.0 = Release|Any CPU
	EndGlobalSection
	GlobalSection(SolutionProperties) = preSolution
		HideSolutionNode = FALSE
	EndGlobalSection
EndGlobal
