
Microsoft Visual Studio Solution File, Format Version 12.00
# Visual Studio 2012
Project("{FAE04EC0-301F-11D3-BF4B-00C04F79EFBC}") = "Triggers", "Triggers\Triggers.csproj", "{C955341F-2420-4421-B2CE-4F4F27A7A7FA}"
EndProject
Project("{FAE04EC0-301F-11D3-BF4B-00C04F79EFBC}") = "Triggers.iOS", "iOS\Triggers.iOS.csproj", "{8F1E9EB2-62F5-41E4-BB77-D811DD902357}"
EndProject
Project("{FAE04EC0-301F-11D3-BF4B-00C04F79EFBC}") = "Triggers.Droid", "Droid\Triggers.Droid.csproj", "{C9636022-F439-4438-A08B-79AE426A737C}"
EndProject
Global
	GlobalSection(SolutionConfigurationPlatforms) = preSolution
		Debug|Any CPU = Debug|Any CPU
		Release|Any CPU = Release|Any CPU
		Debug|iPhoneSimulator = Debug|iPhoneSimulator
		Release|iPhone = Release|iPhone
		Release|iPhoneSimulator = Release|iPhoneSimulator
		Debug|iPhone = Debug|iPhone
	EndGlobalSection
	GlobalSection(ProjectConfigurationPlatforms) = postSolution
		{C955341F-2420-4421-B2CE-4F4F27A7A7FA}.Debug|Any CPU.ActiveCfg = Debug|Any CPU
		{C955341F-2420-4421-B2CE-4F4F27A7A7FA}.Debug|Any CPU.Build.0 = Debug|Any CPU
		{C955341F-2420-4421-B2CE-4F4F27A7A7FA}.Release|Any CPU.ActiveCfg = Release|Any CPU
		{C955341F-2420-4421-B2CE-4F4F27A7A7FA}.Release|Any CPU.Build.0 = Release|Any CPU
		{C955341F-2420-4421-B2CE-4F4F27A7A7FA}.Debug|iPhoneSimulator.ActiveCfg = Debug|Any CPU
		{C955341F-2420-4421-B2CE-4F4F27A7A7FA}.Debug|iPhoneSimulator.Build.0 = Debug|Any CPU
		{C955341F-2420-4421-B2CE-4F4F27A7A7FA}.Release|iPhone.ActiveCfg = Release|Any CPU
		{C955341F-2420-4421-B2CE-4F4F27A7A7FA}.Release|iPhone.Build.0 = Release|Any CPU
		{C955341F-2420-4421-B2CE-4F4F27A7A7FA}.Release|iPhoneSimulator.ActiveCfg = Release|Any CPU
		{C955341F-2420-4421-B2CE-4F4F27A7A7FA}.Release|iPhoneSimulator.Build.0 = Release|Any CPU
		{C955341F-2420-4421-B2CE-4F4F27A7A7FA}.Debug|iPhone.ActiveCfg = Debug|Any CPU
		{C955341F-2420-4421-B2CE-4F4F27A7A7FA}.Debug|iPhone.Build.0 = Debug|Any CPU
		{8F1E9EB2-62F5-41E4-BB77-D811DD902357}.Debug|Any CPU.ActiveCfg = Debug|iPhoneSimulator
		{8F1E9EB2-62F5-41E4-BB77-D811DD902357}.Debug|Any CPU.Build.0 = Debug|iPhoneSimulator
		{8F1E9EB2-62F5-41E4-BB77-D811DD902357}.Release|Any CPU.ActiveCfg = Release|iPhone
		{8F1E9EB2-62F5-41E4-BB77-D811DD902357}.Release|Any CPU.Build.0 = Release|iPhone
		{8F1E9EB2-62F5-41E4-BB77-D811DD902357}.Debug|iPhoneSimulator.ActiveCfg = Debug|iPhoneSimulator
		{8F1E9EB2-62F5-41E4-BB77-D811DD902357}.Debug|iPhoneSimulator.Build.0 = Debug|iPhoneSimulator
		{8F1E9EB2-62F5-41E4-BB77-D811DD902357}.Release|iPhone.ActiveCfg = Release|iPhone
		{8F1E9EB2-62F5-41E4-BB77-D811DD902357}.Release|iPhone.Build.0 = Release|iPhone
		{8F1E9EB2-62F5-41E4-BB77-D811DD902357}.Release|iPhoneSimulator.ActiveCfg = Release|iPhoneSimulator
		{8F1E9EB2-62F5-41E4-BB77-D811DD902357}.Release|iPhoneSimulator.Build.0 = Release|iPhoneSimulator
		{8F1E9EB2-62F5-41E4-BB77-D811DD902357}.Debug|iPhone.ActiveCfg = Debug|iPhone
		{8F1E9EB2-62F5-41E4-BB77-D811DD902357}.Debug|iPhone.Build.0 = Debug|iPhone
		{C9636022-F439-4438-A08B-79AE426A737C}.Debug|Any CPU.ActiveCfg = Debug|Any CPU
		{C9636022-F439-4438-A08B-79AE426A737C}.Debug|Any CPU.Build.0 = Debug|Any CPU
		{C9636022-F439-4438-A08B-79AE426A737C}.Release|Any CPU.ActiveCfg = Release|Any CPU
		{C9636022-F439-4438-A08B-79AE426A737C}.Release|Any CPU.Build.0 = Release|Any CPU
		{C9636022-F439-4438-A08B-79AE426A737C}.Debug|iPhoneSimulator.ActiveCfg = Debug|Any CPU
		{C9636022-F439-4438-A08B-79AE426A737C}.Debug|iPhoneSimulator.Build.0 = Debug|Any CPU
		{C9636022-F439-4438-A08B-79AE426A737C}.Release|iPhone.ActiveCfg = Release|Any CPU
		{C9636022-F439-4438-A08B-79AE426A737C}.Release|iPhone.Build.0 = Release|Any CPU
		{C9636022-F439-4438-A08B-79AE426A737C}.Release|iPhoneSimulator.ActiveCfg = Release|Any CPU
		{C9636022-F439-4438-A08B-79AE426A737C}.Release|iPhoneSimulator.Build.0 = Release|Any CPU
		{C9636022-F439-4438-A08B-79AE426A737C}.Debug|iPhone.ActiveCfg = Debug|Any CPU
		{C9636022-F439-4438-A08B-79AE426A737C}.Debug|iPhone.Build.0 = Debug|Any CPU
	EndGlobalSection
EndGlobal
