
Microsoft Visual Studio Solution File, Format Version 12.00
# Visual Studio 2012
Project("{FAE04EC0-301F-11D3-BF4B-00C04F79EFBC}") = "IotHandler", "IotHandler\IotHandler.csproj", "{15F1C0B4-02FE-4FF6-A99E-DB429F0DAC43}"
EndProject
Project("{FAE04EC0-301F-11D3-BF4B-00C04F79EFBC}") = "IotHandler.iOS", "iOS\IotHandler.iOS.csproj", "{64F01CB0-E09D-4F3E-A52B-E741C831455E}"
EndProject
Project("{FAE04EC0-301F-11D3-BF4B-00C04F79EFBC}") = "IotHandler.Droid", "Droid\IotHandler.Droid.csproj", "{5AF749CB-7972-4C46-A23B-C8714A60E328}"
EndProject
Project("{FAE04EC0-301F-11D3-BF4B-00C04F79EFBC}") = "IoTHandlerTests", "IoTHandlerTests\IoTHandlerTests.csproj", "{40532232-11BD-404C-BE9A-10CE8E9F6EBA}"
EndProject
Global
	GlobalSection(SolutionConfigurationPlatforms) = preSolution
		Debug|Any CPU = Debug|Any CPU
		Release|Any CPU = Release|Any CPU
		Debug|iPhoneSimulator = Debug|iPhoneSimulator
		Release|iPhone = Release|iPhone
		Release|iPhoneSimulator = Release|iPhoneSimulator
		Debug|iPhone = Debug|iPhone
	EndGlobalSection
	GlobalSection(ProjectConfigurationPlatforms) = postSolution
		{15F1C0B4-02FE-4FF6-A99E-DB429F0DAC43}.Debug|Any CPU.ActiveCfg = Debug|Any CPU
		{15F1C0B4-02FE-4FF6-A99E-DB429F0DAC43}.Debug|Any CPU.Build.0 = Debug|Any CPU
		{15F1C0B4-02FE-4FF6-A99E-DB429F0DAC43}.Release|Any CPU.ActiveCfg = Release|Any CPU
		{15F1C0B4-02FE-4FF6-A99E-DB429F0DAC43}.Release|Any CPU.Build.0 = Release|Any CPU
		{15F1C0B4-02FE-4FF6-A99E-DB429F0DAC43}.Debug|iPhoneSimulator.ActiveCfg = Debug|Any CPU
		{15F1C0B4-02FE-4FF6-A99E-DB429F0DAC43}.Debug|iPhoneSimulator.Build.0 = Debug|Any CPU
		{15F1C0B4-02FE-4FF6-A99E-DB429F0DAC43}.Release|iPhone.ActiveCfg = Release|Any CPU
		{15F1C0B4-02FE-4FF6-A99E-DB429F0DAC43}.Release|iPhone.Build.0 = Release|Any CPU
		{15F1C0B4-02FE-4FF6-A99E-DB429F0DAC43}.Release|iPhoneSimulator.ActiveCfg = Release|Any CPU
		{15F1C0B4-02FE-4FF6-A99E-DB429F0DAC43}.Release|iPhoneSimulator.Build.0 = Release|Any CPU
		{15F1C0B4-02FE-4FF6-A99E-DB429F0DAC43}.Debug|iPhone.ActiveCfg = Debug|Any CPU
		{15F1C0B4-02FE-4FF6-A99E-DB429F0DAC43}.Debug|iPhone.Build.0 = Debug|Any CPU
		{64F01CB0-E09D-4F3E-A52B-E741C831455E}.Debug|Any CPU.ActiveCfg = Debug|iPhoneSimulator
		{64F01CB0-E09D-4F3E-A52B-E741C831455E}.Debug|Any CPU.Build.0 = Debug|iPhoneSimulator
		{64F01CB0-E09D-4F3E-A52B-E741C831455E}.Release|Any CPU.ActiveCfg = Release|iPhone
		{64F01CB0-E09D-4F3E-A52B-E741C831455E}.Release|Any CPU.Build.0 = Release|iPhone
		{64F01CB0-E09D-4F3E-A52B-E741C831455E}.Debug|iPhoneSimulator.ActiveCfg = Debug|iPhoneSimulator
		{64F01CB0-E09D-4F3E-A52B-E741C831455E}.Debug|iPhoneSimulator.Build.0 = Debug|iPhoneSimulator
		{64F01CB0-E09D-4F3E-A52B-E741C831455E}.Release|iPhone.ActiveCfg = Release|iPhone
		{64F01CB0-E09D-4F3E-A52B-E741C831455E}.Release|iPhone.Build.0 = Release|iPhone
		{64F01CB0-E09D-4F3E-A52B-E741C831455E}.Release|iPhoneSimulator.ActiveCfg = Release|iPhoneSimulator
		{64F01CB0-E09D-4F3E-A52B-E741C831455E}.Release|iPhoneSimulator.Build.0 = Release|iPhoneSimulator
		{64F01CB0-E09D-4F3E-A52B-E741C831455E}.Debug|iPhone.ActiveCfg = Debug|iPhone
		{64F01CB0-E09D-4F3E-A52B-E741C831455E}.Debug|iPhone.Build.0 = Debug|iPhone
		{5AF749CB-7972-4C46-A23B-C8714A60E328}.Debug|Any CPU.ActiveCfg = Debug|Any CPU
		{5AF749CB-7972-4C46-A23B-C8714A60E328}.Debug|Any CPU.Build.0 = Debug|Any CPU
		{5AF749CB-7972-4C46-A23B-C8714A60E328}.Release|Any CPU.ActiveCfg = Release|Any CPU
		{5AF749CB-7972-4C46-A23B-C8714A60E328}.Release|Any CPU.Build.0 = Release|Any CPU
		{5AF749CB-7972-4C46-A23B-C8714A60E328}.Debug|iPhoneSimulator.ActiveCfg = Debug|Any CPU
		{5AF749CB-7972-4C46-A23B-C8714A60E328}.Debug|iPhoneSimulator.Build.0 = Debug|Any CPU
		{5AF749CB-7972-4C46-A23B-C8714A60E328}.Release|iPhone.ActiveCfg = Release|Any CPU
		{5AF749CB-7972-4C46-A23B-C8714A60E328}.Release|iPhone.Build.0 = Release|Any CPU
		{5AF749CB-7972-4C46-A23B-C8714A60E328}.Release|iPhoneSimulator.ActiveCfg = Release|Any CPU
		{5AF749CB-7972-4C46-A23B-C8714A60E328}.Release|iPhoneSimulator.Build.0 = Release|Any CPU
		{5AF749CB-7972-4C46-A23B-C8714A60E328}.Debug|iPhone.ActiveCfg = Debug|Any CPU
		{5AF749CB-7972-4C46-A23B-C8714A60E328}.Debug|iPhone.Build.0 = Debug|Any CPU
		{40532232-11BD-404C-BE9A-10CE8E9F6EBA}.Debug|Any CPU.ActiveCfg = Debug|Any CPU
		{40532232-11BD-404C-BE9A-10CE8E9F6EBA}.Debug|Any CPU.Build.0 = Debug|Any CPU
		{40532232-11BD-404C-BE9A-10CE8E9F6EBA}.Release|Any CPU.ActiveCfg = Release|Any CPU
		{40532232-11BD-404C-BE9A-10CE8E9F6EBA}.Release|Any CPU.Build.0 = Release|Any CPU
		{40532232-11BD-404C-BE9A-10CE8E9F6EBA}.Debug|iPhoneSimulator.ActiveCfg = Debug|Any CPU
		{40532232-11BD-404C-BE9A-10CE8E9F6EBA}.Debug|iPhoneSimulator.Build.0 = Debug|Any CPU
		{40532232-11BD-404C-BE9A-10CE8E9F6EBA}.Release|iPhone.ActiveCfg = Release|Any CPU
		{40532232-11BD-404C-BE9A-10CE8E9F6EBA}.Release|iPhone.Build.0 = Release|Any CPU
		{40532232-11BD-404C-BE9A-10CE8E9F6EBA}.Release|iPhoneSimulator.ActiveCfg = Release|Any CPU
		{40532232-11BD-404C-BE9A-10CE8E9F6EBA}.Release|iPhoneSimulator.Build.0 = Release|Any CPU
		{40532232-11BD-404C-BE9A-10CE8E9F6EBA}.Debug|iPhone.ActiveCfg = Debug|Any CPU
		{40532232-11BD-404C-BE9A-10CE8E9F6EBA}.Debug|iPhone.Build.0 = Debug|Any CPU
	EndGlobalSection
EndGlobal
