
Microsoft Visual Studio Solution File, Format Version 12.00
# Visual Studio 2012
Project("{FAE04EC0-301F-11D3-BF4B-00C04F79EFBC}") = "Messages", "Messages\Messages.csproj", "{7FDE37DF-9BA1-412C-BEAB-1D38E188EE6E}"
EndProject
Project("{FAE04EC0-301F-11D3-BF4B-00C04F79EFBC}") = "Messages.iOS", "iOS\Messages.iOS.csproj", "{3C7AA4F5-E19E-4906-851F-9A4E41EDE5B8}"
EndProject
Project("{FAE04EC0-301F-11D3-BF4B-00C04F79EFBC}") = "Messages.Droid", "Droid\Messages.Droid.csproj", "{DD0E8246-B0F4-4B06-BB92-5FA1944BC9D4}"
EndProject
Global
	GlobalSection(SolutionConfigurationPlatforms) = preSolution
		Debug|Any CPU = Debug|Any CPU
		Release|Any CPU = Release|Any CPU
		Debug|iPhoneSimulator = Debug|iPhoneSimulator
		Release|iPhone = Release|iPhone
		Release|iPhoneSimulator = Release|iPhoneSimulator
		Debug|iPhone = Debug|iPhone
	EndGlobalSection
	GlobalSection(ProjectConfigurationPlatforms) = postSolution
		{7FDE37DF-9BA1-412C-BEAB-1D38E188EE6E}.Debug|Any CPU.ActiveCfg = Debug|Any CPU
		{7FDE37DF-9BA1-412C-BEAB-1D38E188EE6E}.Debug|Any CPU.Build.0 = Debug|Any CPU
		{7FDE37DF-9BA1-412C-BEAB-1D38E188EE6E}.Release|Any CPU.ActiveCfg = Release|Any CPU
		{7FDE37DF-9BA1-412C-BEAB-1D38E188EE6E}.Release|Any CPU.Build.0 = Release|Any CPU
		{7FDE37DF-9BA1-412C-BEAB-1D38E188EE6E}.Debug|iPhoneSimulator.ActiveCfg = Debug|Any CPU
		{7FDE37DF-9BA1-412C-BEAB-1D38E188EE6E}.Debug|iPhoneSimulator.Build.0 = Debug|Any CPU
		{7FDE37DF-9BA1-412C-BEAB-1D38E188EE6E}.Release|iPhone.ActiveCfg = Release|Any CPU
		{7FDE37DF-9BA1-412C-BEAB-1D38E188EE6E}.Release|iPhone.Build.0 = Release|Any CPU
		{7FDE37DF-9BA1-412C-BEAB-1D38E188EE6E}.Release|iPhoneSimulator.ActiveCfg = Release|Any CPU
		{7FDE37DF-9BA1-412C-BEAB-1D38E188EE6E}.Release|iPhoneSimulator.Build.0 = Release|Any CPU
		{7FDE37DF-9BA1-412C-BEAB-1D38E188EE6E}.Debug|iPhone.ActiveCfg = Debug|Any CPU
		{7FDE37DF-9BA1-412C-BEAB-1D38E188EE6E}.Debug|iPhone.Build.0 = Debug|Any CPU
		{3C7AA4F5-E19E-4906-851F-9A4E41EDE5B8}.Debug|Any CPU.ActiveCfg = Debug|iPhoneSimulator
		{3C7AA4F5-E19E-4906-851F-9A4E41EDE5B8}.Debug|Any CPU.Build.0 = Debug|iPhoneSimulator
		{3C7AA4F5-E19E-4906-851F-9A4E41EDE5B8}.Release|Any CPU.ActiveCfg = Release|iPhone
		{3C7AA4F5-E19E-4906-851F-9A4E41EDE5B8}.Release|Any CPU.Build.0 = Release|iPhone
		{3C7AA4F5-E19E-4906-851F-9A4E41EDE5B8}.Debug|iPhoneSimulator.ActiveCfg = Debug|iPhoneSimulator
		{3C7AA4F5-E19E-4906-851F-9A4E41EDE5B8}.Debug|iPhoneSimulator.Build.0 = Debug|iPhoneSimulator
		{3C7AA4F5-E19E-4906-851F-9A4E41EDE5B8}.Release|iPhone.ActiveCfg = Release|iPhone
		{3C7AA4F5-E19E-4906-851F-9A4E41EDE5B8}.Release|iPhone.Build.0 = Release|iPhone
		{3C7AA4F5-E19E-4906-851F-9A4E41EDE5B8}.Release|iPhoneSimulator.ActiveCfg = Release|iPhoneSimulator
		{3C7AA4F5-E19E-4906-851F-9A4E41EDE5B8}.Release|iPhoneSimulator.Build.0 = Release|iPhoneSimulator
		{3C7AA4F5-E19E-4906-851F-9A4E41EDE5B8}.Debug|iPhone.ActiveCfg = Debug|iPhone
		{3C7AA4F5-E19E-4906-851F-9A4E41EDE5B8}.Debug|iPhone.Build.0 = Debug|iPhone
		{DD0E8246-B0F4-4B06-BB92-5FA1944BC9D4}.Debug|Any CPU.ActiveCfg = Debug|Any CPU
		{DD0E8246-B0F4-4B06-BB92-5FA1944BC9D4}.Debug|Any CPU.Build.0 = Debug|Any CPU
		{DD0E8246-B0F4-4B06-BB92-5FA1944BC9D4}.Release|Any CPU.ActiveCfg = Release|Any CPU
		{DD0E8246-B0F4-4B06-BB92-5FA1944BC9D4}.Release|Any CPU.Build.0 = Release|Any CPU
		{DD0E8246-B0F4-4B06-BB92-5FA1944BC9D4}.Debug|iPhoneSimulator.ActiveCfg = Debug|Any CPU
		{DD0E8246-B0F4-4B06-BB92-5FA1944BC9D4}.Debug|iPhoneSimulator.Build.0 = Debug|Any CPU
		{DD0E8246-B0F4-4B06-BB92-5FA1944BC9D4}.Release|iPhone.ActiveCfg = Release|Any CPU
		{DD0E8246-B0F4-4B06-BB92-5FA1944BC9D4}.Release|iPhone.Build.0 = Release|Any CPU
		{DD0E8246-B0F4-4B06-BB92-5FA1944BC9D4}.Release|iPhoneSimulator.ActiveCfg = Release|Any CPU
		{DD0E8246-B0F4-4B06-BB92-5FA1944BC9D4}.Release|iPhoneSimulator.Build.0 = Release|Any CPU
		{DD0E8246-B0F4-4B06-BB92-5FA1944BC9D4}.Debug|iPhone.ActiveCfg = Debug|Any CPU
		{DD0E8246-B0F4-4B06-BB92-5FA1944BC9D4}.Debug|iPhone.Build.0 = Debug|Any CPU
	EndGlobalSection
EndGlobal
