
Microsoft Visual Studio Solution File, Format Version 12.00
# Visual Studio 2012
Project("{FAE04EC0-301F-11D3-BF4B-00C04F79EFBC}") = "Styles", "Styles\Styles.csproj", "{72FA137E-945E-459C-B885-B6B401C6EC39}"
EndProject
Project("{FAE04EC0-301F-11D3-BF4B-00C04F79EFBC}") = "Styles.iOS", "iOS\Styles.iOS.csproj", "{AF3A09EE-6AF4-435E-B030-BC7A3E079FCA}"
EndProject
Project("{FAE04EC0-301F-11D3-BF4B-00C04F79EFBC}") = "Styles.Droid", "Droid\Styles.Droid.csproj", "{AE027453-2582-4F4E-9F8D-8B1CFDBA8A57}"
EndProject
Global
	GlobalSection(SolutionConfigurationPlatforms) = preSolution
		Debug|Any CPU = Debug|Any CPU
		Release|Any CPU = Release|Any CPU
		Debug|iPhoneSimulator = Debug|iPhoneSimulator
		Release|iPhone = Release|iPhone
		Release|iPhoneSimulator = Release|iPhoneSimulator
		Debug|iPhone = Debug|iPhone
	EndGlobalSection
	GlobalSection(ProjectConfigurationPlatforms) = postSolution
		{72FA137E-945E-459C-B885-B6B401C6EC39}.Debug|Any CPU.ActiveCfg = Debug|Any CPU
		{72FA137E-945E-459C-B885-B6B401C6EC39}.Debug|Any CPU.Build.0 = Debug|Any CPU
		{72FA137E-945E-459C-B885-B6B401C6EC39}.Release|Any CPU.ActiveCfg = Release|Any CPU
		{72FA137E-945E-459C-B885-B6B401C6EC39}.Release|Any CPU.Build.0 = Release|Any CPU
		{72FA137E-945E-459C-B885-B6B401C6EC39}.Debug|iPhoneSimulator.ActiveCfg = Debug|Any CPU
		{72FA137E-945E-459C-B885-B6B401C6EC39}.Debug|iPhoneSimulator.Build.0 = Debug|Any CPU
		{72FA137E-945E-459C-B885-B6B401C6EC39}.Release|iPhone.ActiveCfg = Release|Any CPU
		{72FA137E-945E-459C-B885-B6B401C6EC39}.Release|iPhone.Build.0 = Release|Any CPU
		{72FA137E-945E-459C-B885-B6B401C6EC39}.Release|iPhoneSimulator.ActiveCfg = Release|Any CPU
		{72FA137E-945E-459C-B885-B6B401C6EC39}.Release|iPhoneSimulator.Build.0 = Release|Any CPU
		{72FA137E-945E-459C-B885-B6B401C6EC39}.Debug|iPhone.ActiveCfg = Debug|Any CPU
		{72FA137E-945E-459C-B885-B6B401C6EC39}.Debug|iPhone.Build.0 = Debug|Any CPU
		{AF3A09EE-6AF4-435E-B030-BC7A3E079FCA}.Debug|Any CPU.ActiveCfg = Debug|iPhoneSimulator
		{AF3A09EE-6AF4-435E-B030-BC7A3E079FCA}.Debug|Any CPU.Build.0 = Debug|iPhoneSimulator
		{AF3A09EE-6AF4-435E-B030-BC7A3E079FCA}.Release|Any CPU.ActiveCfg = Release|iPhone
		{AF3A09EE-6AF4-435E-B030-BC7A3E079FCA}.Release|Any CPU.Build.0 = Release|iPhone
		{AF3A09EE-6AF4-435E-B030-BC7A3E079FCA}.Debug|iPhoneSimulator.ActiveCfg = Debug|iPhoneSimulator
		{AF3A09EE-6AF4-435E-B030-BC7A3E079FCA}.Debug|iPhoneSimulator.Build.0 = Debug|iPhoneSimulator
		{AF3A09EE-6AF4-435E-B030-BC7A3E079FCA}.Release|iPhone.ActiveCfg = Release|iPhone
		{AF3A09EE-6AF4-435E-B030-BC7A3E079FCA}.Release|iPhone.Build.0 = Release|iPhone
		{AF3A09EE-6AF4-435E-B030-BC7A3E079FCA}.Release|iPhoneSimulator.ActiveCfg = Release|iPhoneSimulator
		{AF3A09EE-6AF4-435E-B030-BC7A3E079FCA}.Release|iPhoneSimulator.Build.0 = Release|iPhoneSimulator
		{AF3A09EE-6AF4-435E-B030-BC7A3E079FCA}.Debug|iPhone.ActiveCfg = Debug|iPhone
		{AF3A09EE-6AF4-435E-B030-BC7A3E079FCA}.Debug|iPhone.Build.0 = Debug|iPhone
		{AE027453-2582-4F4E-9F8D-8B1CFDBA8A57}.Debug|Any CPU.ActiveCfg = Debug|Any CPU
		{AE027453-2582-4F4E-9F8D-8B1CFDBA8A57}.Debug|Any CPU.Build.0 = Debug|Any CPU
		{AE027453-2582-4F4E-9F8D-8B1CFDBA8A57}.Release|Any CPU.ActiveCfg = Release|Any CPU
		{AE027453-2582-4F4E-9F8D-8B1CFDBA8A57}.Release|Any CPU.Build.0 = Release|Any CPU
		{AE027453-2582-4F4E-9F8D-8B1CFDBA8A57}.Debug|iPhoneSimulator.ActiveCfg = Debug|Any CPU
		{AE027453-2582-4F4E-9F8D-8B1CFDBA8A57}.Debug|iPhoneSimulator.Build.0 = Debug|Any CPU
		{AE027453-2582-4F4E-9F8D-8B1CFDBA8A57}.Release|iPhone.ActiveCfg = Release|Any CPU
		{AE027453-2582-4F4E-9F8D-8B1CFDBA8A57}.Release|iPhone.Build.0 = Release|Any CPU
		{AE027453-2582-4F4E-9F8D-8B1CFDBA8A57}.Release|iPhoneSimulator.ActiveCfg = Release|Any CPU
		{AE027453-2582-4F4E-9F8D-8B1CFDBA8A57}.Release|iPhoneSimulator.Build.0 = Release|Any CPU
		{AE027453-2582-4F4E-9F8D-8B1CFDBA8A57}.Debug|iPhone.ActiveCfg = Debug|Any CPU
		{AE027453-2582-4F4E-9F8D-8B1CFDBA8A57}.Debug|iPhone.Build.0 = Debug|Any CPU
	EndGlobalSection
EndGlobal
