
Microsoft Visual Studio Solution File, Format Version 12.00
# Visual Studio 2012
Project("{FAE04EC0-301F-11D3-BF4B-00C04F79EFBC}") = "API", "API\API.csproj", "{6B76AB21-4E30-4868-9A2C-CA31959E3D4C}"
EndProject
Project("{FAE04EC0-301F-11D3-BF4B-00C04F79EFBC}") = "API.iOS", "iOS\API.iOS.csproj", "{15D97F3D-C944-49CF-9409-82A3251A4290}"
EndProject
Project("{FAE04EC0-301F-11D3-BF4B-00C04F79EFBC}") = "API.Droid", "Droid\API.Droid.csproj", "{9AA19AB1-1BA7-4343-B957-4859922827FB}"
EndProject
Global
	GlobalSection(SolutionConfigurationPlatforms) = preSolution
		Debug|Any CPU = Debug|Any CPU
		Release|Any CPU = Release|Any CPU
		Debug|iPhoneSimulator = Debug|iPhoneSimulator
		Release|iPhone = Release|iPhone
		Release|iPhoneSimulator = Release|iPhoneSimulator
		Debug|iPhone = Debug|iPhone
	EndGlobalSection
	GlobalSection(ProjectConfigurationPlatforms) = postSolution
		{6B76AB21-4E30-4868-9A2C-CA31959E3D4C}.Debug|Any CPU.ActiveCfg = Debug|Any CPU
		{6B76AB21-4E30-4868-9A2C-CA31959E3D4C}.Debug|Any CPU.Build.0 = Debug|Any CPU
		{6B76AB21-4E30-4868-9A2C-CA31959E3D4C}.Release|Any CPU.ActiveCfg = Release|Any CPU
		{6B76AB21-4E30-4868-9A2C-CA31959E3D4C}.Release|Any CPU.Build.0 = Release|Any CPU
		{6B76AB21-4E30-4868-9A2C-CA31959E3D4C}.Debug|iPhoneSimulator.ActiveCfg = Debug|Any CPU
		{6B76AB21-4E30-4868-9A2C-CA31959E3D4C}.Debug|iPhoneSimulator.Build.0 = Debug|Any CPU
		{6B76AB21-4E30-4868-9A2C-CA31959E3D4C}.Release|iPhone.ActiveCfg = Release|Any CPU
		{6B76AB21-4E30-4868-9A2C-CA31959E3D4C}.Release|iPhone.Build.0 = Release|Any CPU
		{6B76AB21-4E30-4868-9A2C-CA31959E3D4C}.Release|iPhoneSimulator.ActiveCfg = Release|Any CPU
		{6B76AB21-4E30-4868-9A2C-CA31959E3D4C}.Release|iPhoneSimulator.Build.0 = Release|Any CPU
		{6B76AB21-4E30-4868-9A2C-CA31959E3D4C}.Debug|iPhone.ActiveCfg = Debug|Any CPU
		{6B76AB21-4E30-4868-9A2C-CA31959E3D4C}.Debug|iPhone.Build.0 = Debug|Any CPU
		{15D97F3D-C944-49CF-9409-82A3251A4290}.Debug|Any CPU.ActiveCfg = Debug|iPhoneSimulator
		{15D97F3D-C944-49CF-9409-82A3251A4290}.Debug|Any CPU.Build.0 = Debug|iPhoneSimulator
		{15D97F3D-C944-49CF-9409-82A3251A4290}.Release|Any CPU.ActiveCfg = Release|iPhone
		{15D97F3D-C944-49CF-9409-82A3251A4290}.Release|Any CPU.Build.0 = Release|iPhone
		{15D97F3D-C944-49CF-9409-82A3251A4290}.Debug|iPhoneSimulator.ActiveCfg = Debug|iPhoneSimulator
		{15D97F3D-C944-49CF-9409-82A3251A4290}.Debug|iPhoneSimulator.Build.0 = Debug|iPhoneSimulator
		{15D97F3D-C944-49CF-9409-82A3251A4290}.Release|iPhone.ActiveCfg = Release|iPhone
		{15D97F3D-C944-49CF-9409-82A3251A4290}.Release|iPhone.Build.0 = Release|iPhone
		{15D97F3D-C944-49CF-9409-82A3251A4290}.Release|iPhoneSimulator.ActiveCfg = Release|iPhoneSimulator
		{15D97F3D-C944-49CF-9409-82A3251A4290}.Release|iPhoneSimulator.Build.0 = Release|iPhoneSimulator
		{15D97F3D-C944-49CF-9409-82A3251A4290}.Debug|iPhone.ActiveCfg = Debug|iPhone
		{15D97F3D-C944-49CF-9409-82A3251A4290}.Debug|iPhone.Build.0 = Debug|iPhone
		{9AA19AB1-1BA7-4343-B957-4859922827FB}.Debug|Any CPU.ActiveCfg = Debug|Any CPU
		{9AA19AB1-1BA7-4343-B957-4859922827FB}.Debug|Any CPU.Build.0 = Debug|Any CPU
		{9AA19AB1-1BA7-4343-B957-4859922827FB}.Release|Any CPU.ActiveCfg = Release|Any CPU
		{9AA19AB1-1BA7-4343-B957-4859922827FB}.Release|Any CPU.Build.0 = Release|Any CPU
		{9AA19AB1-1BA7-4343-B957-4859922827FB}.Debug|iPhoneSimulator.ActiveCfg = Debug|Any CPU
		{9AA19AB1-1BA7-4343-B957-4859922827FB}.Debug|iPhoneSimulator.Build.0 = Debug|Any CPU
		{9AA19AB1-1BA7-4343-B957-4859922827FB}.Release|iPhone.ActiveCfg = Release|Any CPU
		{9AA19AB1-1BA7-4343-B957-4859922827FB}.Release|iPhone.Build.0 = Release|Any CPU
		{9AA19AB1-1BA7-4343-B957-4859922827FB}.Release|iPhoneSimulator.ActiveCfg = Release|Any CPU
		{9AA19AB1-1BA7-4343-B957-4859922827FB}.Release|iPhoneSimulator.Build.0 = Release|Any CPU
		{9AA19AB1-1BA7-4343-B957-4859922827FB}.Debug|iPhone.ActiveCfg = Debug|Any CPU
		{9AA19AB1-1BA7-4343-B957-4859922827FB}.Debug|iPhone.Build.0 = Debug|Any CPU
	EndGlobalSection
EndGlobal
